// !$*UTF8*$!
{
	archiveVersion = 1;
	classes = {
	};
	objectVersion = 46;
	objects = {

/* Begin PBXBuildFile section */
		6E11BB1E1A531AC3000C37D5 = {
			isa = PBXBuildFile;
			fileRef = 6E11BB1D1A531AC3000C37D5;
		};
		6E11BB201A531AC3000C37D5 = {
			isa = PBXBuildFile;
			fileRef = 6E11BB1F1A531AC3000C37D5;
		};
		6E11BB231A531AC3000C37D5 = {
			isa = PBXBuildFile;
			fileRef = 6E11BB211A531AC3000C37D5;
		};
		6E11BB251A531AC3000C37D5 = {
			isa = PBXBuildFile;
			fileRef = 6E11BB241A531AC3000C37D5;
		};
		6E11BB281A531AC3000C37D5 = {
			isa = PBXBuildFile;
			fileRef = 6E11BB261A531AC3000C37D5;
		};
		6E11BB341A531AC3000C37D5 = {
			isa = PBXBuildFile;
			fileRef = 6E11BB331A531AC3000C37D5;
		};
		6E1F4A7F1AB6A9640041955A = {
			isa = PBXBuildFile;
			fileRef = 6E1F4A7D1AB6A9640041955A;
		};
		6E1F4A801AB6A9640041955A = {
			isa = PBXBuildFile;
			fileRef = 6E1F4A7E1AB6A9640041955A;
		};
		BFB677581AE6B8D3007DC28B = {
			isa = PBXBuildFile;
			fileRef = BFB677571AE6B8D3007DC28B;
			settings = {
				ATTRIBUTES = (
					Public,
				);
			};
		};
		BFB6775E1AE6B8D3007DC28B = {
			isa = PBXBuildFile;
			fileRef = BFB677531AE6B8D3007DC28B;
		};
		BFB677671AE6B8D3007DC28B = {
			isa = PBXBuildFile;
			fileRef = BFB677661AE6B8D3007DC28B;
		};
		BFB6776A1AE6B8D3007DC28B = {
			isa = PBXBuildFile;
			fileRef = BFB677531AE6B8D3007DC28B;
		};
		BFB6776B1AE6B8D3007DC28B = {
			isa = PBXBuildFile;
			fileRef = BFB677531AE6B8D3007DC28B;
			settings = {
				ATTRIBUTES = (
					CodeSignOnCopy,
					RemoveHeadersOnCopy,
				);
			};
		};
		BFB677731AE6B8DC007DC28B = {
			isa = PBXBuildFile;
			fileRef = 6E1F4A7D1AB6A9640041955A;
		};
		BFB677741AE6B8DC007DC28B = {
			isa = PBXBuildFile;
			fileRef = 6E1F4A7E1AB6A9640041955A;
		};
/* End PBXBuildFile section */

/* Begin PBXContainerItemProxy section */
		6E11BB2E1A531AC3000C37D5 = {
			isa = PBXContainerItemProxy;
			containerPortal = 6E11BB101A531AC3000C37D5;
			proxyType = 1;
			remoteGlobalIDString = 6E11BB171A531AC3000C37D5;
			remoteInfo = "PathMenu-Sample";
		};
		BFB6775F1AE6B8D3007DC28B = {
			isa = PBXContainerItemProxy;
			containerPortal = 6E11BB101A531AC3000C37D5;
			proxyType = 1;
			remoteGlobalIDString = BFB677521AE6B8D3007DC28B;
			remoteInfo = PathMenu;
		};
		BFB677611AE6B8D3007DC28B = {
			isa = PBXContainerItemProxy;
			containerPortal = 6E11BB101A531AC3000C37D5;
			proxyType = 1;
			remoteGlobalIDString = 6E11BB171A531AC3000C37D5;
			remoteInfo = "PathMenu-Sample";
		};
		BFB677681AE6B8D3007DC28B = {
			isa = PBXContainerItemProxy;
			containerPortal = 6E11BB101A531AC3000C37D5;
			proxyType = 1;
			remoteGlobalIDString = BFB677521AE6B8D3007DC28B;
			remoteInfo = PathMenu;
		};
/* End PBXContainerItemProxy section */

/* Begin PBXCopyFilesBuildPhase section */
		BFB677711AE6B8D3007DC28B = {
			isa = PBXCopyFilesBuildPhase;
			buildActionMask = 2147483647;
			dstPath = "";
			dstSubfolderSpec = 10;
			files = (
				BFB6776B1AE6B8D3007DC28B,
			);
			name = "Embed Frameworks";
			runOnlyForDeploymentPostprocessing = 0;
		};
/* End PBXCopyFilesBuildPhase section */

/* Begin PBXFileReference section */
		6E11BB181A531AC3000C37D5 = {
			isa = PBXFileReference;
			explicitFileType = wrapper.application;
			includeInIndex = 0;
			path = "PathMenu-Sample.app";
			sourceTree = BUILT_PRODUCTS_DIR;
		};
		6E11BB1C1A531AC3000C37D5 = {
			isa = PBXFileReference;
			lastKnownFileType = text.plist.xml;
			path = Info.plist;
			sourceTree = "<group>";
		};
		6E11BB1D1A531AC3000C37D5 = {
			isa = PBXFileReference;
			lastKnownFileType = sourcecode.swift;
			path = AppDelegate.swift;
			sourceTree = "<group>";
		};
		6E11BB1F1A531AC3000C37D5 = {
			isa = PBXFileReference;
			lastKnownFileType = sourcecode.swift;
			path = ViewController.swift;
			sourceTree = "<group>";
		};
		6E11BB221A531AC3000C37D5 = {
			isa = PBXFileReference;
			lastKnownFileType = file.storyboard;
			name = Base;
			path = Base.lproj/Main.storyboard;
			sourceTree = "<group>";
		};
		6E11BB241A531AC3000C37D5 = {
			isa = PBXFileReference;
			lastKnownFileType = folder.assetcatalog;
			path = Images.xcassets;
			sourceTree = "<group>";
		};
		6E11BB271A531AC3000C37D5 = {
			isa = PBXFileReference;
			lastKnownFileType = file.xib;
			name = Base;
			path = Base.lproj/LaunchScreen.xib;
			sourceTree = "<group>";
		};
		6E11BB2D1A531AC3000C37D5 = {
			isa = PBXFileReference;
			explicitFileType = wrapper.cfbundle;
			includeInIndex = 0;
			path = "PathMenu-SampleTests.xctest";
			sourceTree = BUILT_PRODUCTS_DIR;
		};
		6E11BB321A531AC3000C37D5 = {
			isa = PBXFileReference;
			lastKnownFileType = text.plist.xml;
			path = Info.plist;
			sourceTree = "<group>";
		};
		6E11BB331A531AC3000C37D5 = {
			isa = PBXFileReference;
			lastKnownFileType = sourcecode.swift;
			path = PathMenu_SampleTests.swift;
			sourceTree = "<group>";
		};
		6E1F4A7D1AB6A9640041955A = {
			isa = PBXFileReference;
			lastKnownFileType = sourcecode.swift;
			name = PathMenu.swift;
			path = ../../../PathMenu/PathMenu.swift;
			sourceTree = "<group>";
		};
		6E1F4A7E1AB6A9640041955A = {
			isa = PBXFileReference;
			lastKnownFileType = sourcecode.swift;
			name = PathMenuItem.swift;
			path = ../../../PathMenu/PathMenuItem.swift;
			sourceTree = "<group>";
		};
		BFB677531AE6B8D3007DC28B = {
			isa = PBXFileReference;
			explicitFileType = wrapper.framework;
			includeInIndex = 0;
			path = PathMenu.framework;
			sourceTree = BUILT_PRODUCTS_DIR;
		};
		BFB677561AE6B8D3007DC28B = {
			isa = PBXFileReference;
			lastKnownFileType = text.plist.xml;
			path = Info.plist;
			sourceTree = "<group>";
		};
		BFB677571AE6B8D3007DC28B = {
			isa = PBXFileReference;
			lastKnownFileType = sourcecode.c.h;
			path = PathMenu.h;
			sourceTree = "<group>";
		};
		BFB6775D1AE6B8D3007DC28B = {
			isa = PBXFileReference;
			explicitFileType = wrapper.cfbundle;
			includeInIndex = 0;
			path = PathMenuTests.xctest;
			sourceTree = BUILT_PRODUCTS_DIR;
		};
		BFB677651AE6B8D3007DC28B = {
			isa = PBXFileReference;
			lastKnownFileType = text.plist.xml;
			path = Info.plist;
			sourceTree = "<group>";
		};
		BFB677661AE6B8D3007DC28B = {
			isa = PBXFileReference;
			lastKnownFileType = sourcecode.swift;
			path = PathMenuTests.swift;
			sourceTree = "<group>";
		};
/* End PBXFileReference section */

/* Begin PBXFrameworksBuildPhase section */
		6E11BB151A531AC3000C37D5 = {
			isa = PBXFrameworksBuildPhase;
			buildActionMask = 2147483647;
			files = (
				BFB6776A1AE6B8D3007DC28B,
			);
			runOnlyForDeploymentPostprocessing = 0;
		};
		6E11BB2A1A531AC3000C37D5 = {
			isa = PBXFrameworksBuildPhase;
			buildActionMask = 2147483647;
			files = (
			);
			runOnlyForDeploymentPostprocessing = 0;
		};
		BFB6774F1AE6B8D3007DC28B = {
			isa = PBXFrameworksBuildPhase;
			buildActionMask = 2147483647;
			files = (
			);
			runOnlyForDeploymentPostprocessing = 0;
		};
		BFB6775A1AE6B8D3007DC28B = {
			isa = PBXFrameworksBuildPhase;
			buildActionMask = 2147483647;
			files = (
				BFB6775E1AE6B8D3007DC28B,
			);
			runOnlyForDeploymentPostprocessing = 0;
		};
/* End PBXFrameworksBuildPhase section */

/* Begin PBXGroup section */
		6E11BB0F1A531AC3000C37D5 = {
			isa = PBXGroup;
			children = (
				BFB677541AE6B8D3007DC28B,
				6E11BB1A1A531AC3000C37D5,
				6E11BB301A531AC3000C37D5,
				BFB677631AE6B8D3007DC28B,
				6E11BB191A531AC3000C37D5,
			);
			sourceTree = "<group>";
		};
		6E11BB191A531AC3000C37D5 = {
			isa = PBXGroup;
			children = (
				6E11BB181A531AC3000C37D5,
				6E11BB2D1A531AC3000C37D5,
				BFB677531AE6B8D3007DC28B,
				BFB6775D1AE6B8D3007DC28B,
			);
			name = Products;
			sourceTree = "<group>";
		};
		6E11BB1A1A531AC3000C37D5 = {
			isa = PBXGroup;
			children = (
				6E1F4A811AB6A96C0041955A,
				6E11BB1B1A531AC3000C37D5,
				6E11BB1D1A531AC3000C37D5,
				6E11BB241A531AC3000C37D5,
				6E11BB261A531AC3000C37D5,
				6E11BB211A531AC3000C37D5,
				6E11BB1F1A531AC3000C37D5,
			);
			path = "PathMenu-Sample";
			sourceTree = "<group>";
		};
		6E11BB1B1A531AC3000C37D5 = {
			isa = PBXGroup;
			children = (
				6E11BB1C1A531AC3000C37D5,
			);
			name = "Supporting Files";
			path = "Supporting Files";
			sourceTree = "<group>";
		};
		6E11BB301A531AC3000C37D5 = {
			isa = PBXGroup;
			children = (
				6E11BB311A531AC3000C37D5,
				6E11BB331A531AC3000C37D5,
			);
			path = "PathMenu-SampleTests";
			sourceTree = "<group>";
		};
		6E11BB311A531AC3000C37D5 = {
			isa = PBXGroup;
			children = (
				6E11BB321A531AC3000C37D5,
			);
			name = "Supporting Files";
			path = "Supporting Files";
			sourceTree = "<group>";
		};
		6E1F4A811AB6A96C0041955A = {
			isa = PBXGroup;
			children = (
				6E1F4A7D1AB6A9640041955A,
				6E1F4A7E1AB6A9640041955A,
			);
			name = PathMenu;
			path = PathMenu;
			sourceTree = "<group>";
		};
		BFB677541AE6B8D3007DC28B = {
			isa = PBXGroup;
			children = (
				BFB677551AE6B8D3007DC28B,
				BFB677571AE6B8D3007DC28B,
			);
			path = PathMenu;
			sourceTree = "<group>";
		};
		BFB677551AE6B8D3007DC28B = {
			isa = PBXGroup;
			children = (
				BFB677561AE6B8D3007DC28B,
			);
			name = "Supporting Files";
			path = "Supporting Files";
			sourceTree = "<group>";
		};
		BFB677631AE6B8D3007DC28B = {
			isa = PBXGroup;
			children = (
				BFB677641AE6B8D3007DC28B,
				BFB677661AE6B8D3007DC28B,
			);
			path = PathMenuTests;
			sourceTree = "<group>";
		};
		BFB677641AE6B8D3007DC28B = {
			isa = PBXGroup;
			children = (
				BFB677651AE6B8D3007DC28B,
			);
			name = "Supporting Files";
			path = "Supporting Files";
			sourceTree = "<group>";
		};
/* End PBXGroup section */

/* Begin PBXHeadersBuildPhase section */
		BFB677501AE6B8D3007DC28B = {
			isa = PBXHeadersBuildPhase;
			buildActionMask = 2147483647;
			files = (
				BFB677581AE6B8D3007DC28B,
			);
			runOnlyForDeploymentPostprocessing = 0;
		};
/* End PBXHeadersBuildPhase section */

/* Begin PBXNativeTarget section */
		6E11BB171A531AC3000C37D5 = {
			isa = PBXNativeTarget;
			buildConfigurationList = 6E11BB371A531AC4000C37D5;
			buildPhases = (
				6E11BB141A531AC3000C37D5,
				6E11BB151A531AC3000C37D5,
				6E11BB161A531AC3000C37D5,
				BFB677711AE6B8D3007DC28B,
			);
			buildRules = (
			);
			dependencies = (
				BFB677691AE6B8D3007DC28B,
			);
			name = "PathMenu-Sample";
			productName = "PathMenu-Sample";
			productReference = 6E11BB181A531AC3000C37D5;
			productType = "com.apple.product-type.application";
		};
		6E11BB2C1A531AC3000C37D5 = {
			isa = PBXNativeTarget;
			buildConfigurationList = 6E11BB3A1A531AC4000C37D5;
			buildPhases = (
				6E11BB291A531AC3000C37D5,
				6E11BB2A1A531AC3000C37D5,
				6E11BB2B1A531AC3000C37D5,
			);
			buildRules = (
			);
			dependencies = (
				6E11BB2F1A531AC3000C37D5,
			);
			name = "PathMenu-SampleTests";
			productName = "PathMenu-SampleTests";
			productReference = 6E11BB2D1A531AC3000C37D5;
			productType = "com.apple.product-type.bundle.unit-test";
		};
		BFB677521AE6B8D3007DC28B = {
			isa = PBXNativeTarget;
			buildConfigurationList = BFB677701AE6B8D3007DC28B;
			buildPhases = (
				BFB6774E1AE6B8D3007DC28B,
				BFB6774F1AE6B8D3007DC28B,
				BFB677501AE6B8D3007DC28B,
				BFB677511AE6B8D3007DC28B,
			);
			buildRules = (
			);
			dependencies = (
			);
			name = PathMenu;
			productName = PathMenu;
			productReference = BFB677531AE6B8D3007DC28B;
			productType = "com.apple.product-type.framework";
		};
		BFB6775C1AE6B8D3007DC28B = {
			isa = PBXNativeTarget;
			buildConfigurationList = BFB677721AE6B8D3007DC28B;
			buildPhases = (
				BFB677591AE6B8D3007DC28B,
				BFB6775A1AE6B8D3007DC28B,
				BFB6775B1AE6B8D3007DC28B,
			);
			buildRules = (
			);
			dependencies = (
				BFB677601AE6B8D3007DC28B,
				BFB677621AE6B8D3007DC28B,
			);
			name = PathMenuTests;
			productName = PathMenuTests;
			productReference = BFB6775D1AE6B8D3007DC28B;
			productType = "com.apple.product-type.bundle.unit-test";
		};
/* End PBXNativeTarget section */

/* Begin PBXProject section */
		6E11BB101A531AC3000C37D5 = {
			isa = PBXProject;
			attributes = {
				LastSwiftMigration = 0700;
				LastSwiftUpdateCheck = 0700;
				LastUpgradeCheck = 0700;
				ORGANIZATIONNAME = pixyzehn;
				TargetAttributes = {
					6E11BB171A531AC3000C37D5 = {
						CreatedOnToolsVersion = 6.1.1;
						DevelopmentTeam = XP5N783SQH;
					};
					6E11BB2C1A531AC3000C37D5 = {
						CreatedOnToolsVersion = 6.1.1;
						TestTargetID = 6E11BB171A531AC3000C37D5;
					};
					BFB677521AE6B8D3007DC28B = {
						CreatedOnToolsVersion = 6.3;
					};
					BFB6775C1AE6B8D3007DC28B = {
						CreatedOnToolsVersion = 6.3;
						TestTargetID = 6E11BB171A531AC3000C37D5;
					};
				};
			};
			buildConfigurationList = 6E11BB131A531AC3000C37D5;
			compatibilityVersion = "Xcode 3.2";
			developmentRegion = English;
			hasScannedForEncodings = 0;
			knownRegions = (
				en,
				Base,
			);
			mainGroup = 6E11BB0F1A531AC3000C37D5;
			productRefGroup = 6E11BB191A531AC3000C37D5;
			projectDirPath = "";
			projectReferences = (
			);
			projectRoot = "";
			targets = (
				6E11BB171A531AC3000C37D5,
				6E11BB2C1A531AC3000C37D5,
				BFB677521AE6B8D3007DC28B,
				BFB6775C1AE6B8D3007DC28B,
			);
		};
/* End PBXProject section */

/* Begin PBXResourcesBuildPhase section */
		6E11BB161A531AC3000C37D5 = {
			isa = PBXResourcesBuildPhase;
			buildActionMask = 2147483647;
			files = (
				6E11BB231A531AC3000C37D5,
				6E11BB281A531AC3000C37D5,
				6E11BB251A531AC3000C37D5,
			);
			runOnlyForDeploymentPostprocessing = 0;
		};
		6E11BB2B1A531AC3000C37D5 = {
			isa = PBXResourcesBuildPhase;
			buildActionMask = 2147483647;
			files = (
			);
			runOnlyForDeploymentPostprocessing = 0;
		};
		BFB677511AE6B8D3007DC28B = {
			isa = PBXResourcesBuildPhase;
			buildActionMask = 2147483647;
			files = (
			);
			runOnlyForDeploymentPostprocessing = 0;
		};
		BFB6775B1AE6B8D3007DC28B = {
			isa = PBXResourcesBuildPhase;
			buildActionMask = 2147483647;
			files = (
			);
			runOnlyForDeploymentPostprocessing = 0;
		};
/* End PBXResourcesBuildPhase section */

/* Begin PBXSourcesBuildPhase section */
		6E11BB141A531AC3000C37D5 = {
			isa = PBXSourcesBuildPhase;
			buildActionMask = 2147483647;
			files = (
				6E1F4A7F1AB6A9640041955A,
				6E1F4A801AB6A9640041955A,
				6E11BB201A531AC3000C37D5,
				6E11BB1E1A531AC3000C37D5,
			);
			runOnlyForDeploymentPostprocessing = 0;
		};
		6E11BB291A531AC3000C37D5 = {
			isa = PBXSourcesBuildPhase;
			buildActionMask = 2147483647;
			files = (
				6E11BB341A531AC3000C37D5,
			);
			runOnlyForDeploymentPostprocessing = 0;
		};
		BFB6774E1AE6B8D3007DC28B = {
			isa = PBXSourcesBuildPhase;
			buildActionMask = 2147483647;
			files = (
				BFB677731AE6B8DC007DC28B,
				BFB677741AE6B8DC007DC28B,
			);
			runOnlyForDeploymentPostprocessing = 0;
		};
		BFB677591AE6B8D3007DC28B = {
			isa = PBXSourcesBuildPhase;
			buildActionMask = 2147483647;
			files = (
				BFB677671AE6B8D3007DC28B,
			);
			runOnlyForDeploymentPostprocessing = 0;
		};
/* End PBXSourcesBuildPhase section */

/* Begin PBXTargetDependency section */
		6E11BB2F1A531AC3000C37D5 = {
			isa = PBXTargetDependency;
			target = 6E11BB171A531AC3000C37D5;
			targetProxy = 6E11BB2E1A531AC3000C37D5;
		};
		BFB677601AE6B8D3007DC28B = {
			isa = PBXTargetDependency;
			target = BFB677521AE6B8D3007DC28B;
			targetProxy = BFB6775F1AE6B8D3007DC28B;
		};
		BFB677621AE6B8D3007DC28B = {
			isa = PBXTargetDependency;
			target = 6E11BB171A531AC3000C37D5;
			targetProxy = BFB677611AE6B8D3007DC28B;
		};
		BFB677691AE6B8D3007DC28B = {
			isa = PBXTargetDependency;
			target = BFB677521AE6B8D3007DC28B;
			targetProxy = BFB677681AE6B8D3007DC28B;
		};
/* End PBXTargetDependency section */

/* Begin PBXVariantGroup section */
		6E11BB211A531AC3000C37D5 = {
			isa = PBXVariantGroup;
			children = (
				6E11BB221A531AC3000C37D5,
			);
			name = Main.storyboard;
			path = .;
			sourceTree = "<group>";
		};
		6E11BB261A531AC3000C37D5 = {
			isa = PBXVariantGroup;
			children = (
				6E11BB271A531AC3000C37D5,
			);
			name = LaunchScreen.xib;
			path = .;
			sourceTree = "<group>";
		};
/* End PBXVariantGroup section */

/* Begin XCBuildConfiguration section */
		6E11BB351A531AC4000C37D5 = {
			isa = XCBuildConfiguration;
			buildSettings = {
				ALWAYS_SEARCH_USER_PATHS = NO;
				CLANG_CXX_LANGUAGE_STANDARD = "gnu++0x";
				CLANG_CXX_LIBRARY = "libc++";
				CLANG_ENABLE_MODULES = YES;
				CLANG_ENABLE_OBJC_ARC = YES;
				CLANG_WARN_BOOL_CONVERSION = YES;
				CLANG_WARN_CONSTANT_CONVERSION = YES;
				CLANG_WARN_DIRECT_OBJC_ISA_USAGE = YES_ERROR;
				CLANG_WARN_EMPTY_BODY = YES;
				CLANG_WARN_ENUM_CONVERSION = YES;
				CLANG_WARN_INT_CONVERSION = YES;
				CLANG_WARN_OBJC_ROOT_CLASS = YES_ERROR;
				CLANG_WARN_UNREACHABLE_CODE = YES;
				CLANG_WARN__DUPLICATE_METHOD_MATCH = YES;
				"CODE_SIGN_IDENTITY[sdk=iphoneos*]" = "iPhone Developer: Nagasawa Hiroki (JT79P88VSQ)";
				COPY_PHASE_STRIP = NO;
				ENABLE_STRICT_OBJC_MSGSEND = YES;
				ENABLE_TESTABILITY = YES;
				GCC_C_LANGUAGE_STANDARD = gnu99;
				GCC_DYNAMIC_NO_PIC = NO;
				GCC_OPTIMIZATION_LEVEL = 0;
				GCC_PREPROCESSOR_DEFINITIONS = (
					"DEBUG=1",
					"$(inherited)",
				);
				GCC_SYMBOLS_PRIVATE_EXTERN = NO;
				GCC_WARN_64_TO_32_BIT_CONVERSION = YES;
				GCC_WARN_ABOUT_RETURN_TYPE = YES_ERROR;
				GCC_WARN_UNDECLARED_SELECTOR = YES;
				GCC_WARN_UNINITIALIZED_AUTOS = YES_AGGRESSIVE;
				GCC_WARN_UNUSED_FUNCTION = YES;
				GCC_WARN_UNUSED_VARIABLE = YES;
				IPHONEOS_DEPLOYMENT_TARGET = 8.0;
				MTL_ENABLE_DEBUG_INFO = YES;
				ONLY_ACTIVE_ARCH = YES;
				PROVISIONING_PROFILE = "f3bd9f9c-c781-4a84-a4b9-d221e4ac54ef";
				SDKROOT = iphoneos;
				SWIFT_OPTIMIZATION_LEVEL = "-Onone";
			};
			name = Debug;
		};
		6E11BB361A531AC4000C37D5 = {
			isa = XCBuildConfiguration;
			buildSettings = {
				ALWAYS_SEARCH_USER_PATHS = NO;
				CLANG_CXX_LANGUAGE_STANDARD = "gnu++0x";
				CLANG_CXX_LIBRARY = "libc++";
				CLANG_ENABLE_MODULES = YES;
				CLANG_ENABLE_OBJC_ARC = YES;
				CLANG_WARN_BOOL_CONVERSION = YES;
				CLANG_WARN_CONSTANT_CONVERSION = YES;
				CLANG_WARN_DIRECT_OBJC_ISA_USAGE = YES_ERROR;
				CLANG_WARN_EMPTY_BODY = YES;
				CLANG_WARN_ENUM_CONVERSION = YES;
				CLANG_WARN_INT_CONVERSION = YES;
				CLANG_WARN_OBJC_ROOT_CLASS = YES_ERROR;
				CLANG_WARN_UNREACHABLE_CODE = YES;
				CLANG_WARN__DUPLICATE_METHOD_MATCH = YES;
				"CODE_SIGN_IDENTITY[sdk=iphoneos*]" = "iPhone Distribution: Hiroki Nagasawa (XP5N783SQH)";
				COPY_PHASE_STRIP = NO;
				ENABLE_NS_ASSERTIONS = NO;
				ENABLE_STRICT_OBJC_MSGSEND = YES;
				GCC_C_LANGUAGE_STANDARD = gnu99;
				GCC_WARN_64_TO_32_BIT_CONVERSION = YES;
				GCC_WARN_ABOUT_RETURN_TYPE = YES_ERROR;
				GCC_WARN_UNDECLARED_SELECTOR = YES;
				GCC_WARN_UNINITIALIZED_AUTOS = YES_AGGRESSIVE;
				GCC_WARN_UNUSED_FUNCTION = YES;
				GCC_WARN_UNUSED_VARIABLE = YES;
				IPHONEOS_DEPLOYMENT_TARGET = 8.0;
				MTL_ENABLE_DEBUG_INFO = NO;
				PROVISIONING_PROFILE = "f3bd9f9c-c781-4a84-a4b9-d221e4ac54ef";
				SDKROOT = iphoneos;
				VALIDATE_PRODUCT = YES;
			};
			name = Release;
		};
		6E11BB381A531AC4000C37D5 = {
			isa = XCBuildConfiguration;
			buildSettings = {
				ASSETCATALOG_COMPILER_APPICON_NAME = AppIcon;
				CODE_SIGN_IDENTITY = "iPhone Developer";
				"CODE_SIGN_IDENTITY[sdk=iphoneos*]" = "iPhone Developer";
				INFOPLIST_FILE = "PathMenu-Sample/Supporting Files/Info.plist";
				LD_RUNPATH_SEARCH_PATHS = "$(inherited) @executable_path/Frameworks";
				PRODUCT_BUNDLE_IDENTIFIER = "pixyzehn.$(PRODUCT_NAME:rfc1034identifier)";
				PRODUCT_NAME = "$(TARGET_NAME)";
				PROVISIONING_PROFILE = "";
			};
			name = Debug;
		};
		6E11BB391A531AC4000C37D5 = {
			isa = XCBuildConfiguration;
			buildSettings = {
				ASSETCATALOG_COMPILER_APPICON_NAME = AppIcon;
				CODE_SIGN_IDENTITY = "iPhone Developer";
				"CODE_SIGN_IDENTITY[sdk=iphoneos*]" = "iPhone Developer";
				INFOPLIST_FILE = "PathMenu-Sample/Supporting Files/Info.plist";
				LD_RUNPATH_SEARCH_PATHS = "$(inherited) @executable_path/Frameworks";
				PRODUCT_BUNDLE_IDENTIFIER = "pixyzehn.$(PRODUCT_NAME:rfc1034identifier)";
				PRODUCT_NAME = "$(TARGET_NAME)";
				PROVISIONING_PROFILE = "";
			};
			name = Release;
		};
		6E11BB3B1A531AC4000C37D5 = {
			isa = XCBuildConfiguration;
			buildSettings = {
				BUNDLE_LOADER = "$(TEST_HOST)";
				"CODE_SIGN_IDENTITY[sdk=iphoneos*]" = "iPhone Developer: Nagasawa Hiroki (JT79P88VSQ)";
				FRAMEWORK_SEARCH_PATHS = "$(inherited)";
				GCC_PREPROCESSOR_DEFINITIONS = (
					"DEBUG=1",
					"$(inherited)",
				);
				INFOPLIST_FILE = "PathMenu-SampleTests/Supporting Files/Info.plist";
				LD_RUNPATH_SEARCH_PATHS = "$(inherited) @executable_path/Frameworks @loader_path/Frameworks";
				PRODUCT_BUNDLE_IDENTIFIER = "pixyzehn.$(PRODUCT_NAME:rfc1034identifier)";
				PRODUCT_NAME = "$(TARGET_NAME)";
				PROVISIONING_PROFILE = "f3bd9f9c-c781-4a84-a4b9-d221e4ac54ef";
				TEST_HOST = "$(BUILT_PRODUCTS_DIR)/PathMenu-Sample.app/PathMenu-Sample";
			};
			name = Debug;
		};
		6E11BB3C1A531AC4000C37D5 = {
			isa = XCBuildConfiguration;
			buildSettings = {
				BUNDLE_LOADER = "$(TEST_HOST)";
				"CODE_SIGN_IDENTITY[sdk=iphoneos*]" = "iPhone Developer: Nagasawa Hiroki (JT79P88VSQ)";
				FRAMEWORK_SEARCH_PATHS = "$(inherited)";
				INFOPLIST_FILE = "PathMenu-SampleTests/Supporting Files/Info.plist";
				LD_RUNPATH_SEARCH_PATHS = "$(inherited) @executable_path/Frameworks @loader_path/Frameworks";
				PRODUCT_BUNDLE_IDENTIFIER = "pixyzehn.$(PRODUCT_NAME:rfc1034identifier)";
				PRODUCT_NAME = "$(TARGET_NAME)";
				PROVISIONING_PROFILE = "f3bd9f9c-c781-4a84-a4b9-d221e4ac54ef";
				TEST_HOST = "$(BUILT_PRODUCTS_DIR)/PathMenu-Sample.app/PathMenu-Sample";
			};
			name = Release;
		};
		BFB6776C1AE6B8D3007DC28B = {
			isa = XCBuildConfiguration;
			buildSettings = {
				"CODE_SIGN_IDENTITY[sdk=iphoneos*]" = "iPhone Developer: Nagasawa Hiroki (JT79P88VSQ)";
				COPY_PHASE_STRIP = NO;
				CURRENT_PROJECT_VERSION = 1;
				DEBUG_INFORMATION_FORMAT = "dwarf-with-dsym";
				DEFINES_MODULE = YES;
				DYLIB_COMPATIBILITY_VERSION = 1;
				DYLIB_CURRENT_VERSION = 1;
				DYLIB_INSTALL_NAME_BASE = "@rpath";
				GCC_NO_COMMON_BLOCKS = YES;
				GCC_PREPROCESSOR_DEFINITIONS = (
					"DEBUG=1",
					"$(inherited)",
				);
				INFOPLIST_FILE = "PathMenu/Supporting Files/Info.plist";
				INSTALL_PATH = "$(LOCAL_LIBRARY_DIR)/Frameworks";
				IPHONEOS_DEPLOYMENT_TARGET = 8.0;
				LD_RUNPATH_SEARCH_PATHS = "$(inherited) @executable_path/Frameworks @loader_path/Frameworks";
				PRODUCT_BUNDLE_IDENTIFIER = "com.pixyzehn.$(PRODUCT_NAME:rfc1034identifier)";
				PRODUCT_NAME = "$(TARGET_NAME)";
				PROVISIONING_PROFILE = "f3bd9f9c-c781-4a84-a4b9-d221e4ac54ef";
				SKIP_INSTALL = YES;
				TARGETED_DEVICE_FAMILY = "1,2";
				VERSIONING_SYSTEM = "apple-generic";
				VERSION_INFO_PREFIX = "";
			};
			name = Debug;
		};
		BFB6776D1AE6B8D3007DC28B = {
			isa = XCBuildConfiguration;
			buildSettings = {
				"CODE_SIGN_IDENTITY[sdk=iphoneos*]" = "iPhone Developer: Nagasawa Hiroki (JT79P88VSQ)";
				COPY_PHASE_STRIP = NO;
				CURRENT_PROJECT_VERSION = 1;
				DEBUG_INFORMATION_FORMAT = "dwarf-with-dsym";
				DEFINES_MODULE = YES;
				DYLIB_COMPATIBILITY_VERSION = 1;
				DYLIB_CURRENT_VERSION = 1;
				DYLIB_INSTALL_NAME_BASE = "@rpath";
				GCC_NO_COMMON_BLOCKS = YES;
				INFOPLIST_FILE = "PathMenu/Supporting Files/Info.plist";
				INSTALL_PATH = "$(LOCAL_LIBRARY_DIR)/Frameworks";
				IPHONEOS_DEPLOYMENT_TARGET = 8.0;
				LD_RUNPATH_SEARCH_PATHS = "$(inherited) @executable_path/Frameworks @loader_path/Frameworks";
				PRODUCT_BUNDLE_IDENTIFIER = "com.pixyzehn.$(PRODUCT_NAME:rfc1034identifier)";
				PRODUCT_NAME = "$(TARGET_NAME)";
				PROVISIONING_PROFILE = "f3bd9f9c-c781-4a84-a4b9-d221e4ac54ef";
				SKIP_INSTALL = YES;
				TARGETED_DEVICE_FAMILY = "1,2";
				VERSIONING_SYSTEM = "apple-generic";
				VERSION_INFO_PREFIX = "";
			};
			name = Release;
		};
		BFB6776E1AE6B8D3007DC28B = {
			isa = XCBuildConfiguration;
			buildSettings = {
				BUNDLE_LOADER = "$(TEST_HOST)";
				"CODE_SIGN_IDENTITY[sdk=iphoneos*]" = "iPhone Developer: Nagasawa Hiroki (JT79P88VSQ)";
				COPY_PHASE_STRIP = NO;
				DEBUG_INFORMATION_FORMAT = "dwarf-with-dsym";
				FRAMEWORK_SEARCH_PATHS = "$(inherited)";
				GCC_NO_COMMON_BLOCKS = YES;
				GCC_PREPROCESSOR_DEFINITIONS = (
					"DEBUG=1",
					"$(inherited)",
				);
				INFOPLIST_FILE = "PathMenuTests/Supporting Files/Info.plist";
				IPHONEOS_DEPLOYMENT_TARGET = 8.3;
				LD_RUNPATH_SEARCH_PATHS = "$(inherited) @executable_path/Frameworks @loader_path/Frameworks";
				PRODUCT_BUNDLE_IDENTIFIER = "com.pixyzehn.$(PRODUCT_NAME:rfc1034identifier)";
				PRODUCT_NAME = "$(TARGET_NAME)";
				PROVISIONING_PROFILE = "f3bd9f9c-c781-4a84-a4b9-d221e4ac54ef";
				TEST_HOST = "$(BUILT_PRODUCTS_DIR)/PathMenu-Sample.app/PathMenu-Sample";
			};
			name = Debug;
		};
		BFB6776F1AE6B8D3007DC28B = {
			isa = XCBuildConfiguration;
			buildSettings = {
				BUNDLE_LOADER = "$(TEST_HOST)";
				"CODE_SIGN_IDENTITY[sdk=iphoneos*]" = "iPhone Developer: Nagasawa Hiroki (JT79P88VSQ)";
				COPY_PHASE_STRIP = NO;
				DEBUG_INFORMATION_FORMAT = "dwarf-with-dsym";
				FRAMEWORK_SEARCH_PATHS = "$(inherited)";
				GCC_NO_COMMON_BLOCKS = YES;
				INFOPLIST_FILE = "PathMenuTests/Supporting Files/Info.plist";
				IPHONEOS_DEPLOYMENT_TARGET = 8.3;
				LD_RUNPATH_SEARCH_PATHS = "$(inherited) @executable_path/Frameworks @loader_path/Frameworks";
				PRODUCT_BUNDLE_IDENTIFIER = "com.pixyzehn.$(PRODUCT_NAME:rfc1034identifier)";
				PRODUCT_NAME = "$(TARGET_NAME)";
				PROVISIONING_PROFILE = "f3bd9f9c-c781-4a84-a4b9-d221e4ac54ef";
				TEST_HOST = "$(BUILT_PRODUCTS_DIR)/PathMenu-Sample.app/PathMenu-Sample";
			};
			name = Release;
		};
/* End XCBuildConfiguration section */

/* Begin XCConfigurationList section */
		6E11BB131A531AC3000C37D5 = {
			isa = XCConfigurationList;
			buildConfigurations = (
				6E11BB351A531AC4000C37D5,
				6E11BB361A531AC4000C37D5,
			);
			defaultConfigurationIsVisible = 0;
			defaultConfigurationName = Release;
		};
		6E11BB371A531AC4000C37D5 = {
			isa = XCConfigurationList;
			buildConfigurations = (
				6E11BB381A531AC4000C37D5,
				6E11BB391A531AC4000C37D5,
			);
			defaultConfigurationIsVisible = 0;
			defaultConfigurationName = Release;
		};
		6E11BB3A1A531AC4000C37D5 = {
			isa = XCConfigurationList;
			buildConfigurations = (
				6E11BB3B1A531AC4000C37D5,
				6E11BB3C1A531AC4000C37D5,
			);
			defaultConfigurationIsVisible = 0;
			defaultConfigurationName = Release;
		};
		BFB677701AE6B8D3007DC28B = {
			isa = XCConfigurationList;
			buildConfigurations = (
				BFB6776C1AE6B8D3007DC28B,
				BFB6776D1AE6B8D3007DC28B,
			);
			defaultConfigurationIsVisible = 0;
			defaultConfigurationName = Release;
		};
		BFB677721AE6B8D3007DC28B = {
			isa = XCConfigurationList;
			buildConfigurations = (
				BFB6776E1AE6B8D3007DC28B,
				BFB6776F1AE6B8D3007DC28B,
			);
			defaultConfigurationIsVisible = 0;
			defaultConfigurationName = Release;
		};
/* End XCConfigurationList section */
	};
	rootObject = 6E11BB101A531AC3000C37D5;
}
