// !$*UTF8*$!
{
	archiveVersion = 1;
	classes = {
	};
	objectVersion = 46;
	objects = {

/* Begin PBXBuildFile section */
		6E11BB091A4E969B000C37D5 /* PathMenuItem.swift in Sources */ = {isa = PBXBuildFile; fileRef = 6E11BB081A4E969B000C37D5 /* PathMenuItem.swift */; };
		6E11BB0B1A4E97E0000C37D5 /* PathMenu.swift in Sources */ = {isa = PBXBuildFile; fileRef = 6E11BB0A1A4E97E0000C37D5 /* PathMenu.swift */; };
		6E9C7E3B1A4DE280008295FA /* AppDelegate.swift in Sources */ = {isa = PBXBuildFile; fileRef = 6E9C7E3A1A4DE280008295FA /* AppDelegate.swift */; };
		6E9C7E421A4DE280008295FA /* Images.xcassets in Resources */ = {isa = PBXBuildFile; fileRef = 6E9C7E411A4DE280008295FA /* Images.xcassets */; };
		6E9C7E451A4DE280008295FA /* LaunchScreen.xib in Resources */ = {isa = PBXBuildFile; fileRef = 6E9C7E431A4DE280008295FA /* LaunchScreen.xib */; };
		6E9C7E511A4DE280008295FA /* PathMenuTests.swift in Sources */ = {isa = PBXBuildFile; fileRef = 6E9C7E501A4DE280008295FA /* PathMenuTests.swift */; };
/* End PBXBuildFile section */

/* Begin PBXContainerItemProxy section */
		6E9C7E4B1A4DE280008295FA /* PBXContainerItemProxy */ = {
			isa = PBXContainerItemProxy;
			containerPortal = 6E9C7E2D1A4DE280008295FA /* Project object */;
			proxyType = 1;
			remoteGlobalIDString = 6E9C7E341A4DE280008295FA;
			remoteInfo = PathMenu;
		};
/* End PBXContainerItemProxy section */

/* Begin PBXFileReference section */
		6E11BB081A4E969B000C37D5 /* PathMenuItem.swift */ = {isa = PBXFileReference; fileEncoding = 4; lastKnownFileType = sourcecode.swift; path = PathMenuItem.swift; sourceTree = "<group>"; };
		6E11BB0A1A4E97E0000C37D5 /* PathMenu.swift */ = {isa = PBXFileReference; fileEncoding = 4; lastKnownFileType = sourcecode.swift; path = PathMenu.swift; sourceTree = "<group>"; };
		6E9C7E351A4DE280008295FA /* PathMenu.app */ = {isa = PBXFileReference; explicitFileType = wrapper.application; includeInIndex = 0; path = PathMenu.app; sourceTree = BUILT_PRODUCTS_DIR; };
		6E9C7E391A4DE280008295FA /* Info.plist */ = {isa = PBXFileReference; lastKnownFileType = text.plist.xml; path = Info.plist; sourceTree = "<group>"; };
		6E9C7E3A1A4DE280008295FA /* AppDelegate.swift */ = {isa = PBXFileReference; lastKnownFileType = sourcecode.swift; path = AppDelegate.swift; sourceTree = "<group>"; };
		6E9C7E411A4DE280008295FA /* Images.xcassets */ = {isa = PBXFileReference; lastKnownFileType = folder.assetcatalog; path = Images.xcassets; sourceTree = "<group>"; };
		6E9C7E441A4DE280008295FA /* Base */ = {isa = PBXFileReference; lastKnownFileType = file.xib; name = Base; path = Base.lproj/LaunchScreen.xib; sourceTree = "<group>"; };
		6E9C7E4A1A4DE280008295FA /* PathMenuTests.xctest */ = {isa = PBXFileReference; explicitFileType = wrapper.cfbundle; includeInIndex = 0; path = PathMenuTests.xctest; sourceTree = BUILT_PRODUCTS_DIR; };
		6E9C7E4F1A4DE280008295FA /* Info.plist */ = {isa = PBXFileReference; lastKnownFileType = text.plist.xml; path = Info.plist; sourceTree = "<group>"; };
		6E9C7E501A4DE280008295FA /* PathMenuTests.swift */ = {isa = PBXFileReference; lastKnownFileType = sourcecode.swift; path = PathMenuTests.swift; sourceTree = "<group>"; };
/* End PBXFileReference section */

/* Begin PBXFrameworksBuildPhase section */
		6E9C7E321A4DE280008295FA /* Frameworks */ = {
			isa = PBXFrameworksBuildPhase;
			buildActionMask = 2147483647;
			files = (
			);
			runOnlyForDeploymentPostprocessing = 0;
		};
		6E9C7E471A4DE280008295FA /* Frameworks */ = {
			isa = PBXFrameworksBuildPhase;
			buildActionMask = 2147483647;
			files = (
			);
			runOnlyForDeploymentPostprocessing = 0;
		};
/* End PBXFrameworksBuildPhase section */

/* Begin PBXGroup section */
		6E7ED5011A534FB600472619 /* PathMenu */ = {
			isa = PBXGroup;
			children = (
				6E11BB0A1A4E97E0000C37D5 /* PathMenu.swift */,
				6E11BB081A4E969B000C37D5 /* PathMenuItem.swift */,
			);
			name = PathMenu;
			sourceTree = "<group>";
		};
		6E9C7E2C1A4DE280008295FA = {
			isa = PBXGroup;
			children = (
				6E9C7E371A4DE280008295FA /* PathMenu */,
				6E9C7E4D1A4DE280008295FA /* PathMenuTests */,
				6E9C7E361A4DE280008295FA /* Products */,
			);
			sourceTree = "<group>";
		};
		6E9C7E361A4DE280008295FA /* Products */ = {
			isa = PBXGroup;
			children = (
				6E9C7E351A4DE280008295FA /* PathMenu.app */,
				6E9C7E4A1A4DE280008295FA /* PathMenuTests.xctest */,
			);
			name = Products;
			sourceTree = "<group>";
		};
		6E9C7E371A4DE280008295FA /* PathMenu */ = {
			isa = PBXGroup;
			children = (
				6E7ED5011A534FB600472619 /* PathMenu */,
				6E9C7E3A1A4DE280008295FA /* AppDelegate.swift */,
				6E9C7E411A4DE280008295FA /* Images.xcassets */,
				6E9C7E431A4DE280008295FA /* LaunchScreen.xib */,
				6E9C7E381A4DE280008295FA /* Supporting Files */,
			);
			path = PathMenu;
			sourceTree = "<group>";
		};
		6E9C7E381A4DE280008295FA /* Supporting Files */ = {
			isa = PBXGroup;
			children = (
				6E9C7E391A4DE280008295FA /* Info.plist */,
			);
			name = "Supporting Files";
			sourceTree = "<group>";
		};
		6E9C7E4D1A4DE280008295FA /* PathMenuTests */ = {
			isa = PBXGroup;
			children = (
				6E9C7E501A4DE280008295FA /* PathMenuTests.swift */,
				6E9C7E4E1A4DE280008295FA /* Supporting Files */,
			);
			path = PathMenuTests;
			sourceTree = "<group>";
		};
		6E9C7E4E1A4DE280008295FA /* Supporting Files */ = {
			isa = PBXGroup;
			children = (
				6E9C7E4F1A4DE280008295FA /* Info.plist */,
			);
			name = "Supporting Files";
			sourceTree = "<group>";
		};
/* End PBXGroup section */

/* Begin PBXNativeTarget section */
		6E9C7E341A4DE280008295FA /* PathMenu */ = {
			isa = PBXNativeTarget;
			buildConfigurationList = 6E9C7E541A4DE280008295FA /* Build configuration list for PBXNativeTarget "PathMenu" */;
			buildPhases = (
				6E9C7E311A4DE280008295FA /* Sources */,
				6E9C7E321A4DE280008295FA /* Frameworks */,
				6E9C7E331A4DE280008295FA /* Resources */,
			);
			buildRules = (
			);
			dependencies = (
			);
			name = PathMenu;
			productName = PathMenu;
			productReference = 6E9C7E351A4DE280008295FA /* PathMenu.app */;
			productType = "com.apple.product-type.application";
		};
		6E9C7E491A4DE280008295FA /* PathMenuTests */ = {
			isa = PBXNativeTarget;
			buildConfigurationList = 6E9C7E571A4DE280008295FA /* Build configuration list for PBXNativeTarget "PathMenuTests" */;
			buildPhases = (
				6E9C7E461A4DE280008295FA /* Sources */,
				6E9C7E471A4DE280008295FA /* Frameworks */,
				6E9C7E481A4DE280008295FA /* Resources */,
			);
			buildRules = (
			);
			dependencies = (
				6E9C7E4C1A4DE280008295FA /* PBXTargetDependency */,
			);
			name = PathMenuTests;
			productName = PathMenuTests;
			productReference = 6E9C7E4A1A4DE280008295FA /* PathMenuTests.xctest */;
			productType = "com.apple.product-type.bundle.unit-test";
		};
/* End PBXNativeTarget section */

/* Begin PBXProject section */
		6E9C7E2D1A4DE280008295FA /* Project object */ = {
			isa = PBXProject;
			attributes = {
				LastUpgradeCheck = 0610;
				ORGANIZATIONNAME = pixyzehn;
				TargetAttributes = {
					6E9C7E341A4DE280008295FA = {
						CreatedOnToolsVersion = 6.1.1;
					};
					6E9C7E491A4DE280008295FA = {
						CreatedOnToolsVersion = 6.1.1;
						TestTargetID = 6E9C7E341A4DE280008295FA;
					};
				};
			};
			buildConfigurationList = 6E9C7E301A4DE280008295FA /* Build configuration list for PBXProject "PathMenu" */;
			compatibilityVersion = "Xcode 3.2";
			developmentRegion = English;
			hasScannedForEncodings = 0;
			knownRegions = (
				en,
				Base,
			);
			mainGroup = 6E9C7E2C1A4DE280008295FA;
			productRefGroup = 6E9C7E361A4DE280008295FA /* Products */;
			projectDirPath = "";
			projectRoot = "";
			targets = (
				6E9C7E341A4DE280008295FA /* PathMenu */,
				6E9C7E491A4DE280008295FA /* PathMenuTests */,
			);
		};
/* End PBXProject section */

/* Begin PBXResourcesBuildPhase section */
		6E9C7E331A4DE280008295FA /* Resources */ = {
			isa = PBXResourcesBuildPhase;
			buildActionMask = 2147483647;
			files = (
				6E9C7E451A4DE280008295FA /* LaunchScreen.xib in Resources */,
				6E9C7E421A4DE280008295FA /* Images.xcassets in Resources */,
			);
			runOnlyForDeploymentPostprocessing = 0;
		};
		6E9C7E481A4DE280008295FA /* Resources */ = {
			isa = PBXResourcesBuildPhase;
			buildActionMask = 2147483647;
			files = (
			);
			runOnlyForDeploymentPostprocessing = 0;
		};
/* End PBXResourcesBuildPhase section */

/* Begin PBXSourcesBuildPhase section */
		6E9C7E311A4DE280008295FA /* Sources */ = {
			isa = PBXSourcesBuildPhase;
			buildActionMask = 2147483647;
			files = (
				6E11BB091A4E969B000C37D5 /* PathMenuItem.swift in Sources */,
				6E9C7E3B1A4DE280008295FA /* AppDelegate.swift in Sources */,
				6E11BB0B1A4E97E0000C37D5 /* PathMenu.swift in Sources */,
			);
			runOnlyForDeploymentPostprocessing = 0;
		};
		6E9C7E461A4DE280008295FA /* Sources */ = {
			isa = PBXSourcesBuildPhase;
			buildActionMask = 2147483647;
			files = (
				6E9C7E511A4DE280008295FA /* PathMenuTests.swift in Sources */,
			);
			runOnlyForDeploymentPostprocessing = 0;
		};
/* End PBXSourcesBuildPhase section */

/* Begin PBXTargetDependency section */
		6E9C7E4C1A4DE280008295FA /* PBXTargetDependency */ = {
			isa = PBXTargetDependency;
			target = 6E9C7E341A4DE280008295FA /* PathMenu */;
			targetProxy = 6E9C7E4B1A4DE280008295FA /* PBXContainerItemProxy */;
		};
/* End PBXTargetDependency section */

/* Begin PBXVariantGroup section */
		6E9C7E431A4DE280008295FA /* LaunchScreen.xib */ = {
			isa = PBXVariantGroup;
			children = (
				6E9C7E441A4DE280008295FA /* Base */,
			);
			name = LaunchScreen.xib;
			sourceTree = "<group>";
		};
/* End PBXVariantGroup section */

/* Begin XCBuildConfiguration section */
		6E9C7E521A4DE280008295FA /* Debug */ = {
			isa = XCBuildConfiguration;
			buildSettings = {
				ALWAYS_SEARCH_USER_PATHS = NO;
				CLANG_CXX_LANGUAGE_STANDARD = "gnu++0x";
				CLANG_CXX_LIBRARY = "libc++";
				CLANG_ENABLE_MODULES = YES;
				CLANG_ENABLE_OBJC_ARC = YES;
				CLANG_WARN_BOOL_CONVERSION = YES;
				CLANG_WARN_CONSTANT_CONVERSION = YES;
				CLANG_WARN_DIRECT_OBJC_ISA_USAGE = YES_ERROR;
				CLANG_WARN_EMPTY_BODY = YES;
				CLANG_WARN_ENUM_CONVERSION = YES;
				CLANG_WARN_INT_CONVERSION = YES;
				CLANG_WARN_OBJC_ROOT_CLASS = YES_ERROR;
				CLANG_WARN_UNREACHABLE_CODE = YES;
				CLANG_WARN__DUPLICATE_METHOD_MATCH = YES;
				"CODE_SIGN_IDENTITY[sdk=iphoneos*]" = "iPhone Developer";
				COPY_PHASE_STRIP = NO;
				ENABLE_STRICT_OBJC_MSGSEND = YES;
				GCC_C_LANGUAGE_STANDARD = gnu99;
				GCC_DYNAMIC_NO_PIC = NO;
				GCC_OPTIMIZATION_LEVEL = 0;
				GCC_PREPROCESSOR_DEFINITIONS = (
					"DEBUG=1",
					"$(inherited)",
				);
				GCC_SYMBOLS_PRIVATE_EXTERN = NO;
				GCC_WARN_64_TO_32_BIT_CONVERSION = YES;
				GCC_WARN_ABOUT_RETURN_TYPE = YES_ERROR;
				GCC_WARN_UNDECLARED_SELECTOR = YES;
				GCC_WARN_UNINITIALIZED_AUTOS = YES_AGGRESSIVE;
				GCC_WARN_UNUSED_FUNCTION = YES;
				GCC_WARN_UNUSED_VARIABLE = YES;
				IPHONEOS_DEPLOYMENT_TARGET = 8.1;
				MTL_ENABLE_DEBUG_INFO = YES;
				ONLY_ACTIVE_ARCH = YES;
				SDKROOT = iphoneos;
				SWIFT_OPTIMIZATION_LEVEL = "-Onone";
			};
			name = Debug;
		};
		6E9C7E531A4DE280008295FA /* Release */ = {
			isa = XCBuildConfiguration;
			buildSettings = {
				ALWAYS_SEARCH_USER_PATHS = NO;
				CLANG_CXX_LANGUAGE_STANDARD = "gnu++0x";
				CLANG_CXX_LIBRARY = "libc++";
				CLANG_ENABLE_MODULES = YES;
				CLANG_ENABLE_OBJC_ARC = YES;
				CLANG_WARN_BOOL_CONVERSION = YES;
				CLANG_WARN_CONSTANT_CONVERSION = YES;
				CLANG_WARN_DIRECT_OBJC_ISA_USAGE = YES_ERROR;
				CLANG_WARN_EMPTY_BODY = YES;
				CLANG_WARN_ENUM_CONVERSION = YES;
				CLANG_WARN_INT_CONVERSION = YES;
				CLANG_WARN_OBJC_ROOT_CLASS = YES_ERROR;
				CLANG_WARN_UNREACHABLE_CODE = YES;
				CLANG_WARN__DUPLICATE_METHOD_MATCH = YES;
				"CODE_SIGN_IDENTITY[sdk=iphoneos*]" = "iPhone Developer";
				COPY_PHASE_STRIP = YES;
				ENABLE_NS_ASSERTIONS = NO;
				ENABLE_STRICT_OBJC_MSGSEND = YES;
				GCC_C_LANGUAGE_STANDARD = gnu99;
				GCC_WARN_64_TO_32_BIT_CONVERSION = YES;
				GCC_WARN_ABOUT_RETURN_TYPE = YES_ERROR;
				GCC_WARN_UNDECLARED_SELECTOR = YES;
				GCC_WARN_UNINITIALIZED_AUTOS = YES_AGGRESSIVE;
				GCC_WARN_UNUSED_FUNCTION = YES;
				GCC_WARN_UNUSED_VARIABLE = YES;
				IPHONEOS_DEPLOYMENT_TARGET = 8.1;
				MTL_ENABLE_DEBUG_INFO = NO;
				SDKROOT = iphoneos;
				VALIDATE_PRODUCT = YES;
			};
			name = Release;
		};
		6E9C7E551A4DE280008295FA /* Debug */ = {
			isa = XCBuildConfiguration;
			buildSettings = {
				ASSETCATALOG_COMPILER_APPICON_NAME = AppIcon;
				INFOPLIST_FILE = PathMenu/Info.plist;
				LD_RUNPATH_SEARCH_PATHS = "$(inherited) @executable_path/Frameworks";
				PRODUCT_NAME = "$(TARGET_NAME)";
			};
			name = Debug;
		};
		6E9C7E561A4DE280008295FA /* Release */ = {
			isa = XCBuildConfiguration;
			buildSettings = {
				ASSETCATALOG_COMPILER_APPICON_NAME = AppIcon;
				INFOPLIST_FILE = PathMenu/Info.plist;
				LD_RUNPATH_SEARCH_PATHS = "$(inherited) @executable_path/Frameworks";
				PRODUCT_NAME = "$(TARGET_NAME)";
			};
			name = Release;
		};
		6E9C7E581A4DE280008295FA /* Debug */ = {
			isa = XCBuildConfiguration;
			buildSettings = {
				BUNDLE_LOADER = "$(TEST_HOST)";
				FRAMEWORK_SEARCH_PATHS = (
					"$(SDKROOT)/Developer/Library/Frameworks",
					"$(inherited)",
				);
				GCC_PREPROCESSOR_DEFINITIONS = (
					"DEBUG=1",
					"$(inherited)",
				);
				INFOPLIST_FILE = PathMenuTests/Info.plist;
				LD_RUNPATH_SEARCH_PATHS = "$(inherited) @executable_path/Frameworks @loader_path/Frameworks";
				PRODUCT_NAME = "$(TARGET_NAME)";
				TEST_HOST = "$(BUILT_PRODUCTS_DIR)/PathMenu.app/PathMenu";
			};
			name = Debug;
		};
		6E9C7E591A4DE280008295FA /* Release */ = {
			isa = XCBuildConfiguration;
			buildSettings = {
				BUNDLE_LOADER = "$(TEST_HOST)";
				FRAMEWORK_SEARCH_PATHS = (
					"$(SDKROOT)/Developer/Library/Frameworks",
					"$(inherited)",
				);
				INFOPLIST_FILE = PathMenuTests/Info.plist;
				LD_RUNPATH_SEARCH_PATHS = "$(inherited) @executable_path/Frameworks @loader_path/Frameworks";
				PRODUCT_NAME = "$(TARGET_NAME)";
				TEST_HOST = "$(BUILT_PRODUCTS_DIR)/PathMenu.app/PathMenu";
			};
			name = Release;
		};
/* End XCBuildConfiguration section */

/* Begin XCConfigurationList section */
		6E9C7E301A4DE280008295FA /* Build configuration list for PBXProject "PathMenu" */ = {
			isa = XCConfigurationList;
			buildConfigurations = (
				6E9C7E521A4DE280008295FA /* Debug */,
				6E9C7E531A4DE280008295FA /* Release */,
			);
			defaultConfigurationIsVisible = 0;
			defaultConfigurationName = Release;
		};
		6E9C7E541A4DE280008295FA /* Build configuration list for PBXNativeTarget "PathMenu" */ = {
			isa = XCConfigurationList;
			buildConfigurations = (
				6E9C7E551A4DE280008295FA /* Debug */,
				6E9C7E561A4DE280008295FA /* Release */,
			);
			defaultConfigurationIsVisible = 0;
			defaultConfigurationName = Release;
		};
		6E9C7E571A4DE280008295FA /* Build configuration list for PBXNativeTarget "PathMenuTests" */ = {
			isa = XCConfigurationList;
			buildConfigurations = (
				6E9C7E581A4DE280008295FA /* Debug */,
				6E9C7E591A4DE280008295FA /* Release */,
			);
			defaultConfigurationIsVisible = 0;
			defaultConfigurationName = Release;
		};
/* End XCConfigurationList section */
	};
	rootObject = 6E9C7E2D1A4DE280008295FA /* Project object */;
}
