// !$*UTF8*$!
{
	archiveVersion = 1;
	classes = {
	};
	objectVersion = 48;
	objects = {

/* Begin PBXBuildFile section */
		BFAB60FF1D9CA1EF007CDC9C /* PathMenuItem.swift in Sources */ = {isa = PBXBuildFile; fileRef = BFAB60EA1D9CA078007CDC9C /* PathMenuItem.swift */; };
		BFAB61001D9CA1EF007CDC9C /* PathMenu.swift in Sources */ = {isa = PBXBuildFile; fileRef = BFAB60EB1D9CA078007CDC9C /* PathMenu.swift */; };
		BFAB61141D9D42F8007CDC9C /* AppDelegate.swift in Sources */ = {isa = PBXBuildFile; fileRef = BFAB61121D9D42F8007CDC9C /* AppDelegate.swift */; };
		BFAB61151D9D42F8007CDC9C /* ViewController.swift in Sources */ = {isa = PBXBuildFile; fileRef = BFAB61131D9D42F8007CDC9C /* ViewController.swift */; };
		BFAB611C1D9D4328007CDC9C /* LaunchScreen.xib in Resources */ = {isa = PBXBuildFile; fileRef = BFAB61181D9D4328007CDC9C /* LaunchScreen.xib */; };
		BFAB611D1D9D4328007CDC9C /* Main.storyboard in Resources */ = {isa = PBXBuildFile; fileRef = BFAB611A1D9D4328007CDC9C /* Main.storyboard */; };
		BFAB611F1D9D433C007CDC9C /* PathMenu_SampleTests.swift in Sources */ = {isa = PBXBuildFile; fileRef = BFAB611E1D9D433C007CDC9C /* PathMenu_SampleTests.swift */; };
		BFAF4D3C1D9DD73B008AB3E5 /* PathMenuTests.swift in Sources */ = {isa = PBXBuildFile; fileRef = BFB677661AE6B8D3007DC28B /* PathMenuTests.swift */; };
		BFB354761D9D589C008F7D01 /* Images.xcassets in Resources */ = {isa = PBXBuildFile; fileRef = BFB354751D9D589C008F7D01 /* Images.xcassets */; };
		BFB6775E1AE6B8D3007DC28B /* PathMenu.framework in Frameworks */ = {isa = PBXBuildFile; fileRef = BFB677531AE6B8D3007DC28B /* PathMenu.framework */; };
		BFB6776A1AE6B8D3007DC28B /* PathMenu.framework in Frameworks */ = {isa = PBXBuildFile; fileRef = BFB677531AE6B8D3007DC28B /* PathMenu.framework */; };
		BFB6776B1AE6B8D3007DC28B /* PathMenu.framework in Embed Frameworks */ = {isa = PBXBuildFile; fileRef = BFB677531AE6B8D3007DC28B /* PathMenu.framework */; settings = {ATTRIBUTES = (CodeSignOnCopy, RemoveHeadersOnCopy, ); }; };
/* End PBXBuildFile section */

/* Begin PBXContainerItemProxy section */
		6E11BB2E1A531AC3000C37D5 /* PBXContainerItemProxy */ = {
			isa = PBXContainerItemProxy;
			containerPortal = 6E11BB101A531AC3000C37D5 /* Project object */;
			proxyType = 1;
			remoteGlobalIDString = 6E11BB171A531AC3000C37D5;
			remoteInfo = "PathMenu-Sample";
		};
		BFB6775F1AE6B8D3007DC28B /* PBXContainerItemProxy */ = {
			isa = PBXContainerItemProxy;
			containerPortal = 6E11BB101A531AC3000C37D5 /* Project object */;
			proxyType = 1;
			remoteGlobalIDString = BFB677521AE6B8D3007DC28B;
			remoteInfo = PathMenu;
		};
		BFB677611AE6B8D3007DC28B /* PBXContainerItemProxy */ = {
			isa = PBXContainerItemProxy;
			containerPortal = 6E11BB101A531AC3000C37D5 /* Project object */;
			proxyType = 1;
			remoteGlobalIDString = 6E11BB171A531AC3000C37D5;
			remoteInfo = "PathMenu-Sample";
		};
		BFB677681AE6B8D3007DC28B /* PBXContainerItemProxy */ = {
			isa = PBXContainerItemProxy;
			containerPortal = 6E11BB101A531AC3000C37D5 /* Project object */;
			proxyType = 1;
			remoteGlobalIDString = BFB677521AE6B8D3007DC28B;
			remoteInfo = PathMenu;
		};
/* End PBXContainerItemProxy section */

/* Begin PBXCopyFilesBuildPhase section */
		BFB677711AE6B8D3007DC28B /* Embed Frameworks */ = {
			isa = PBXCopyFilesBuildPhase;
			buildActionMask = 2147483647;
			dstPath = "";
			dstSubfolderSpec = 10;
			files = (
				BFB6776B1AE6B8D3007DC28B /* PathMenu.framework in Embed Frameworks */,
			);
			name = "Embed Frameworks";
			runOnlyForDeploymentPostprocessing = 0;
		};
/* End PBXCopyFilesBuildPhase section */

/* Begin PBXFileReference section */
		6E11BB181A531AC3000C37D5 /* PathMenu-Sample.app */ = {isa = PBXFileReference; explicitFileType = wrapper.application; includeInIndex = 0; path = "PathMenu-Sample.app"; sourceTree = BUILT_PRODUCTS_DIR; };
		6E11BB2D1A531AC3000C37D5 /* PathMenu-SampleTests.xctest */ = {isa = PBXFileReference; explicitFileType = wrapper.cfbundle; includeInIndex = 0; path = "PathMenu-SampleTests.xctest"; sourceTree = BUILT_PRODUCTS_DIR; };
		BFAB60E81D9CA078007CDC9C /* PathMenu.h */ = {isa = PBXFileReference; fileEncoding = 4; lastKnownFileType = sourcecode.c.h; name = PathMenu.h; path = PathMenu/PathMenu.h; sourceTree = "<group>"; };
		BFAB60EA1D9CA078007CDC9C /* PathMenuItem.swift */ = {isa = PBXFileReference; fileEncoding = 4; lastKnownFileType = sourcecode.swift; name = PathMenuItem.swift; path = PathMenu/PathMenuItem.swift; sourceTree = "<group>"; };
		BFAB60EB1D9CA078007CDC9C /* PathMenu.swift */ = {isa = PBXFileReference; fileEncoding = 4; lastKnownFileType = sourcecode.swift; name = PathMenu.swift; path = PathMenu/PathMenu.swift; sourceTree = "<group>"; };
		BFAB60F11D9CA09C007CDC9C /* Info.plist */ = {isa = PBXFileReference; fileEncoding = 4; lastKnownFileType = text.plist.xml; name = Info.plist; path = "PathMenu/Supporting Files/Info.plist"; sourceTree = "<group>"; };
		BFAB61121D9D42F8007CDC9C /* AppDelegate.swift */ = {isa = PBXFileReference; fileEncoding = 4; lastKnownFileType = sourcecode.swift; path = AppDelegate.swift; sourceTree = "<group>"; };
		BFAB61131D9D42F8007CDC9C /* ViewController.swift */ = {isa = PBXFileReference; fileEncoding = 4; lastKnownFileType = sourcecode.swift; path = ViewController.swift; sourceTree = "<group>"; };
		BFAB61161D9D4316007CDC9C /* Info.plist */ = {isa = PBXFileReference; fileEncoding = 4; lastKnownFileType = text.plist.xml; path = Info.plist; sourceTree = "<group>"; };
		BFAB61191D9D4328007CDC9C /* Base */ = {isa = PBXFileReference; lastKnownFileType = file.xib; name = Base; path = Base.lproj/LaunchScreen.xib; sourceTree = "<group>"; };
		BFAB611B1D9D4328007CDC9C /* Base */ = {isa = PBXFileReference; lastKnownFileType = file.storyboard; name = Base; path = Base.lproj/Main.storyboard; sourceTree = "<group>"; };
		BFAB611E1D9D433C007CDC9C /* PathMenu_SampleTests.swift */ = {isa = PBXFileReference; fileEncoding = 4; lastKnownFileType = sourcecode.swift; path = PathMenu_SampleTests.swift; sourceTree = "<group>"; };
		BFAB61201D9D434A007CDC9C /* Info.plist */ = {isa = PBXFileReference; fileEncoding = 4; lastKnownFileType = text.plist.xml; path = Info.plist; sourceTree = "<group>"; };
		BFAF4D3D1D9DD74E008AB3E5 /* Info.plist */ = {isa = PBXFileReference; fileEncoding = 4; lastKnownFileType = text.plist.xml; name = Info.plist; path = PathMenuTests/Info.plist; sourceTree = SOURCE_ROOT; };
		BFB354751D9D589C008F7D01 /* Images.xcassets */ = {isa = PBXFileReference; lastKnownFileType = folder.assetcatalog; path = Images.xcassets; sourceTree = "<group>"; };
		BFB677531AE6B8D3007DC28B /* PathMenu.framework */ = {isa = PBXFileReference; explicitFileType = wrapper.framework; includeInIndex = 0; path = PathMenu.framework; sourceTree = BUILT_PRODUCTS_DIR; };
		BFB6775D1AE6B8D3007DC28B /* PathMenuTests.xctest */ = {isa = PBXFileReference; explicitFileType = wrapper.cfbundle; includeInIndex = 0; path = PathMenuTests.xctest; sourceTree = BUILT_PRODUCTS_DIR; };
		BFB677661AE6B8D3007DC28B /* PathMenuTests.swift */ = {isa = PBXFileReference; lastKnownFileType = sourcecode.swift; path = PathMenuTests.swift; sourceTree = "<group>"; };
/* End PBXFileReference section */

/* Begin PBXFrameworksBuildPhase section */
		6E11BB151A531AC3000C37D5 /* Frameworks */ = {
			isa = PBXFrameworksBuildPhase;
			buildActionMask = 2147483647;
			files = (
				BFB6776A1AE6B8D3007DC28B /* PathMenu.framework in Frameworks */,
			);
			runOnlyForDeploymentPostprocessing = 0;
		};
		6E11BB2A1A531AC3000C37D5 /* Frameworks */ = {
			isa = PBXFrameworksBuildPhase;
			buildActionMask = 2147483647;
			files = (
			);
			runOnlyForDeploymentPostprocessing = 0;
		};
		BFB6774F1AE6B8D3007DC28B /* Frameworks */ = {
			isa = PBXFrameworksBuildPhase;
			buildActionMask = 2147483647;
			files = (
			);
			runOnlyForDeploymentPostprocessing = 0;
		};
		BFB6775A1AE6B8D3007DC28B /* Frameworks */ = {
			isa = PBXFrameworksBuildPhase;
			buildActionMask = 2147483647;
			files = (
				BFB6775E1AE6B8D3007DC28B /* PathMenu.framework in Frameworks */,
			);
			runOnlyForDeploymentPostprocessing = 0;
		};
/* End PBXFrameworksBuildPhase section */

/* Begin PBXGroup section */
		6E11BB0F1A531AC3000C37D5 = {
			isa = PBXGroup;
			children = (
				BFAB60DA1D9C9C23007CDC9C /* PathMenu */,
				6E11BB1A1A531AC3000C37D5 /* PathMenu-Sample */,
				6E11BB301A531AC3000C37D5 /* PathMenu-SampleTests */,
				BFB677631AE6B8D3007DC28B /* PathMenuTests */,
				6E11BB191A531AC3000C37D5 /* Products */,
			);
			sourceTree = "<group>";
		};
		6E11BB191A531AC3000C37D5 /* Products */ = {
			isa = PBXGroup;
			children = (
				6E11BB181A531AC3000C37D5 /* PathMenu-Sample.app */,
				6E11BB2D1A531AC3000C37D5 /* PathMenu-SampleTests.xctest */,
				BFB677531AE6B8D3007DC28B /* PathMenu.framework */,
				BFB6775D1AE6B8D3007DC28B /* PathMenuTests.xctest */,
			);
			name = Products;
			sourceTree = "<group>";
		};
		6E11BB1A1A531AC3000C37D5 /* PathMenu-Sample */ = {
			isa = PBXGroup;
			children = (
				BFB354751D9D589C008F7D01 /* Images.xcassets */,
				BFAB61121D9D42F8007CDC9C /* AppDelegate.swift */,
				BFAB61131D9D42F8007CDC9C /* ViewController.swift */,
				BFAB61181D9D4328007CDC9C /* LaunchScreen.xib */,
				BFAB611A1D9D4328007CDC9C /* Main.storyboard */,
				6E11BB1B1A531AC3000C37D5 /* Supporting Files */,
			);
			path = "PathMenu-Sample";
			sourceTree = "<group>";
		};
		6E11BB1B1A531AC3000C37D5 /* Supporting Files */ = {
			isa = PBXGroup;
			children = (
				BFAB61161D9D4316007CDC9C /* Info.plist */,
			);
			path = "Supporting Files";
			sourceTree = "<group>";
		};
		6E11BB301A531AC3000C37D5 /* PathMenu-SampleTests */ = {
			isa = PBXGroup;
			children = (
				BFAB611E1D9D433C007CDC9C /* PathMenu_SampleTests.swift */,
				6E11BB311A531AC3000C37D5 /* Supporting Files */,
			);
			path = "PathMenu-SampleTests";
			sourceTree = "<group>";
		};
		6E11BB311A531AC3000C37D5 /* Supporting Files */ = {
			isa = PBXGroup;
			children = (
				BFAB61201D9D434A007CDC9C /* Info.plist */,
			);
			path = "Supporting Files";
			sourceTree = "<group>";
		};
		BFAB60DA1D9C9C23007CDC9C /* PathMenu */ = {
			isa = PBXGroup;
			children = (
				BFAB60F01D9CA092007CDC9C /* Supporting Files */,
				BFAB60E81D9CA078007CDC9C /* PathMenu.h */,
				BFAB60EA1D9CA078007CDC9C /* PathMenuItem.swift */,
				BFAB60EB1D9CA078007CDC9C /* PathMenu.swift */,
			);
			name = PathMenu;
			sourceTree = "<group>";
		};
		BFAB60F01D9CA092007CDC9C /* Supporting Files */ = {
			isa = PBXGroup;
			children = (
				BFAB60F11D9CA09C007CDC9C /* Info.plist */,
			);
			name = "Supporting Files";
			sourceTree = "<group>";
		};
		BFB677631AE6B8D3007DC28B /* PathMenuTests */ = {
			isa = PBXGroup;
			children = (
				BFB677641AE6B8D3007DC28B /* Supporting Files */,
				BFB677661AE6B8D3007DC28B /* PathMenuTests.swift */,
			);
			path = PathMenuTests;
			sourceTree = "<group>";
		};
		BFB677641AE6B8D3007DC28B /* Supporting Files */ = {
			isa = PBXGroup;
			children = (
				BFAF4D3D1D9DD74E008AB3E5 /* Info.plist */,
			);
			path = "Supporting Files";
			sourceTree = "<group>";
		};
/* End PBXGroup section */

/* Begin PBXHeadersBuildPhase section */
		BFB677501AE6B8D3007DC28B /* Headers */ = {
			isa = PBXHeadersBuildPhase;
			buildActionMask = 2147483647;
			files = (
			);
			runOnlyForDeploymentPostprocessing = 0;
		};
/* End PBXHeadersBuildPhase section */

/* Begin PBXNativeTarget section */
		6E11BB171A531AC3000C37D5 /* PathMenu-Sample */ = {
			isa = PBXNativeTarget;
			buildConfigurationList = 6E11BB371A531AC4000C37D5 /* Build configuration list for PBXNativeTarget "PathMenu-Sample" */;
			buildPhases = (
				6E11BB141A531AC3000C37D5 /* Sources */,
				6E11BB151A531AC3000C37D5 /* Frameworks */,
				6E11BB161A531AC3000C37D5 /* Resources */,
				BFB677711AE6B8D3007DC28B /* Embed Frameworks */,
			);
			buildRules = (
			);
			dependencies = (
				BFB677691AE6B8D3007DC28B /* PBXTargetDependency */,
			);
			name = "PathMenu-Sample";
			productName = "PathMenu-Sample";
			productReference = 6E11BB181A531AC3000C37D5 /* PathMenu-Sample.app */;
			productType = "com.apple.product-type.application";
		};
		6E11BB2C1A531AC3000C37D5 /* PathMenu-SampleTests */ = {
			isa = PBXNativeTarget;
			buildConfigurationList = 6E11BB3A1A531AC4000C37D5 /* Build configuration list for PBXNativeTarget "PathMenu-SampleTests" */;
			buildPhases = (
				6E11BB291A531AC3000C37D5 /* Sources */,
				6E11BB2A1A531AC3000C37D5 /* Frameworks */,
				6E11BB2B1A531AC3000C37D5 /* Resources */,
			);
			buildRules = (
			);
			dependencies = (
				6E11BB2F1A531AC3000C37D5 /* PBXTargetDependency */,
			);
			name = "PathMenu-SampleTests";
			productName = "PathMenu-SampleTests";
			productReference = 6E11BB2D1A531AC3000C37D5 /* PathMenu-SampleTests.xctest */;
			productType = "com.apple.product-type.bundle.unit-test";
		};
		BFB677521AE6B8D3007DC28B /* PathMenu */ = {
			isa = PBXNativeTarget;
			buildConfigurationList = BFB677701AE6B8D3007DC28B /* Build configuration list for PBXNativeTarget "PathMenu" */;
			buildPhases = (
				BFB6774E1AE6B8D3007DC28B /* Sources */,
				BFB6774F1AE6B8D3007DC28B /* Frameworks */,
				BFB677501AE6B8D3007DC28B /* Headers */,
				BFB677511AE6B8D3007DC28B /* Resources */,
			);
			buildRules = (
			);
			dependencies = (
			);
			name = PathMenu;
			productName = PathMenu;
			productReference = BFB677531AE6B8D3007DC28B /* PathMenu.framework */;
			productType = "com.apple.product-type.framework";
		};
		BFB6775C1AE6B8D3007DC28B /* PathMenuTests */ = {
			isa = PBXNativeTarget;
			buildConfigurationList = BFB677721AE6B8D3007DC28B /* Build configuration list for PBXNativeTarget "PathMenuTests" */;
			buildPhases = (
				BFB677591AE6B8D3007DC28B /* Sources */,
				BFB6775A1AE6B8D3007DC28B /* Frameworks */,
				BFB6775B1AE6B8D3007DC28B /* Resources */,
			);
			buildRules = (
			);
			dependencies = (
				BFB677601AE6B8D3007DC28B /* PBXTargetDependency */,
				BFB677621AE6B8D3007DC28B /* PBXTargetDependency */,
			);
			name = PathMenuTests;
			productName = PathMenuTests;
			productReference = BFB6775D1AE6B8D3007DC28B /* PathMenuTests.xctest */;
			productType = "com.apple.product-type.bundle.unit-test";
		};
/* End PBXNativeTarget section */

/* Begin PBXProject section */
		6E11BB101A531AC3000C37D5 /* Project object */ = {
			isa = PBXProject;
			attributes = {
				LastSwiftMigration = 0700;
				LastSwiftUpdateCheck = 0700;
				LastUpgradeCheck = 0800;
				ORGANIZATIONNAME = pixyzehn;
				TargetAttributes = {
					6E11BB171A531AC3000C37D5 = {
						CreatedOnToolsVersion = 6.1.1;
						LastSwiftMigration = 0800;
					};
					6E11BB2C1A531AC3000C37D5 = {
						CreatedOnToolsVersion = 6.1.1;
						LastSwiftMigration = 0800;
						TestTargetID = 6E11BB171A531AC3000C37D5;
					};
					BFB677521AE6B8D3007DC28B = {
						CreatedOnToolsVersion = 6.3;
						LastSwiftMigration = 0800;
					};
					BFB6775C1AE6B8D3007DC28B = {
						CreatedOnToolsVersion = 6.3;
						TestTargetID = 6E11BB171A531AC3000C37D5;
					};
				};
			};
			buildConfigurationList = 6E11BB131A531AC3000C37D5 /* Build configuration list for PBXProject "PathMenu" */;
			compatibilityVersion = "Xcode 8.0";
			developmentRegion = English;
			hasScannedForEncodings = 0;
			knownRegions = (
				en,
				Base,
			);
			mainGroup = 6E11BB0F1A531AC3000C37D5;
			productRefGroup = 6E11BB191A531AC3000C37D5 /* Products */;
			projectDirPath = "";
			projectRoot = "";
			targets = (
				BFB677521AE6B8D3007DC28B /* PathMenu */,
				BFB6775C1AE6B8D3007DC28B /* PathMenuTests */,
				6E11BB171A531AC3000C37D5 /* PathMenu-Sample */,
				6E11BB2C1A531AC3000C37D5 /* PathMenu-SampleTests */,
			);
		};
/* End PBXProject section */

/* Begin PBXResourcesBuildPhase section */
		6E11BB161A531AC3000C37D5 /* Resources */ = {
			isa = PBXResourcesBuildPhase;
			buildActionMask = 2147483647;
			files = (
				BFAB611D1D9D4328007CDC9C /* Main.storyboard in Resources */,
				BFB354761D9D589C008F7D01 /* Images.xcassets in Resources */,
				BFAB611C1D9D4328007CDC9C /* LaunchScreen.xib in Resources */,
			);
			runOnlyForDeploymentPostprocessing = 0;
		};
		6E11BB2B1A531AC3000C37D5 /* Resources */ = {
			isa = PBXResourcesBuildPhase;
			buildActionMask = 2147483647;
			files = (
			);
			runOnlyForDeploymentPostprocessing = 0;
		};
		BFB677511AE6B8D3007DC28B /* Resources */ = {
			isa = PBXResourcesBuildPhase;
			buildActionMask = 2147483647;
			files = (
			);
			runOnlyForDeploymentPostprocessing = 0;
		};
		BFB6775B1AE6B8D3007DC28B /* Resources */ = {
			isa = PBXResourcesBuildPhase;
			buildActionMask = 2147483647;
			files = (
			);
			runOnlyForDeploymentPostprocessing = 0;
		};
/* End PBXResourcesBuildPhase section */

/* Begin PBXSourcesBuildPhase section */
		6E11BB141A531AC3000C37D5 /* Sources */ = {
			isa = PBXSourcesBuildPhase;
			buildActionMask = 2147483647;
			files = (
				BFAB61151D9D42F8007CDC9C /* ViewController.swift in Sources */,
				BFAB61141D9D42F8007CDC9C /* AppDelegate.swift in Sources */,
			);
			runOnlyForDeploymentPostprocessing = 0;
		};
		6E11BB291A531AC3000C37D5 /* Sources */ = {
			isa = PBXSourcesBuildPhase;
			buildActionMask = 2147483647;
			files = (
				BFAB611F1D9D433C007CDC9C /* PathMenu_SampleTests.swift in Sources */,
			);
			runOnlyForDeploymentPostprocessing = 0;
		};
		BFB6774E1AE6B8D3007DC28B /* Sources */ = {
			isa = PBXSourcesBuildPhase;
			buildActionMask = 2147483647;
			files = (
				BFAB60FF1D9CA1EF007CDC9C /* PathMenuItem.swift in Sources */,
				BFAB61001D9CA1EF007CDC9C /* PathMenu.swift in Sources */,
			);
			runOnlyForDeploymentPostprocessing = 0;
		};
		BFB677591AE6B8D3007DC28B /* Sources */ = {
			isa = PBXSourcesBuildPhase;
			buildActionMask = 2147483647;
			files = (
				BFAF4D3C1D9DD73B008AB3E5 /* PathMenuTests.swift in Sources */,
			);
			runOnlyForDeploymentPostprocessing = 0;
		};
/* End PBXSourcesBuildPhase section */

/* Begin PBXTargetDependency section */
		6E11BB2F1A531AC3000C37D5 /* PBXTargetDependency */ = {
			isa = PBXTargetDependency;
			target = 6E11BB171A531AC3000C37D5 /* PathMenu-Sample */;
			targetProxy = 6E11BB2E1A531AC3000C37D5 /* PBXContainerItemProxy */;
		};
		BFB677601AE6B8D3007DC28B /* PBXTargetDependency */ = {
			isa = PBXTargetDependency;
			target = BFB677521AE6B8D3007DC28B /* PathMenu */;
			targetProxy = BFB6775F1AE6B8D3007DC28B /* PBXContainerItemProxy */;
		};
		BFB677621AE6B8D3007DC28B /* PBXTargetDependency */ = {
			isa = PBXTargetDependency;
			target = 6E11BB171A531AC3000C37D5 /* PathMenu-Sample */;
			targetProxy = BFB677611AE6B8D3007DC28B /* PBXContainerItemProxy */;
		};
		BFB677691AE6B8D3007DC28B /* PBXTargetDependency */ = {
			isa = PBXTargetDependency;
			target = BFB677521AE6B8D3007DC28B /* PathMenu */;
			targetProxy = BFB677681AE6B8D3007DC28B /* PBXContainerItemProxy */;
		};
/* End PBXTargetDependency section */

/* Begin PBXVariantGroup section */
		BFAB61181D9D4328007CDC9C /* LaunchScreen.xib */ = {
			isa = PBXVariantGroup;
			children = (
				BFAB61191D9D4328007CDC9C /* Base */,
			);
			name = LaunchScreen.xib;
			sourceTree = "<group>";
		};
		BFAB611A1D9D4328007CDC9C /* Main.storyboard */ = {
			isa = PBXVariantGroup;
			children = (
				BFAB611B1D9D4328007CDC9C /* Base */,
			);
			name = Main.storyboard;
			sourceTree = "<group>";
		};
/* End PBXVariantGroup section */

/* Begin XCBuildConfiguration section */
		6E11BB351A531AC4000C37D5 /* Debug */ = {
			isa = XCBuildConfiguration;
			buildSettings = {
				ALWAYS_SEARCH_USER_PATHS = NO;
				CLANG_CXX_LANGUAGE_STANDARD = "gnu++0x";
				CLANG_CXX_LIBRARY = "libc++";
				CLANG_ENABLE_MODULES = YES;
				CLANG_ENABLE_OBJC_ARC = YES;
				CLANG_WARN_BOOL_CONVERSION = YES;
				CLANG_WARN_CONSTANT_CONVERSION = YES;
				CLANG_WARN_DIRECT_OBJC_ISA_USAGE = YES_ERROR;
				CLANG_WARN_EMPTY_BODY = YES;
				CLANG_WARN_ENUM_CONVERSION = YES;
				CLANG_WARN_INFINITE_RECURSION = YES;
				CLANG_WARN_INT_CONVERSION = YES;
				CLANG_WARN_OBJC_ROOT_CLASS = YES_ERROR;
				CLANG_WARN_SUSPICIOUS_MOVE = YES;
				CLANG_WARN_UNREACHABLE_CODE = YES;
				CLANG_WARN__DUPLICATE_METHOD_MATCH = YES;
				"CODE_SIGN_IDENTITY[sdk=iphoneos*]" = "iPhone Developer: Nagasawa Hiroki (JT79P88VSQ)";
				COPY_PHASE_STRIP = NO;
				ENABLE_STRICT_OBJC_MSGSEND = YES;
				ENABLE_TESTABILITY = YES;
				GCC_C_LANGUAGE_STANDARD = gnu99;
				GCC_DYNAMIC_NO_PIC = NO;
				GCC_NO_COMMON_BLOCKS = YES;
				GCC_OPTIMIZATION_LEVEL = 0;
				GCC_PREPROCESSOR_DEFINITIONS = (
					"DEBUG=1",
					"$(inherited)",
				);
				GCC_SYMBOLS_PRIVATE_EXTERN = NO;
				GCC_WARN_64_TO_32_BIT_CONVERSION = YES;
				GCC_WARN_ABOUT_RETURN_TYPE = YES_ERROR;
				GCC_WARN_UNDECLARED_SELECTOR = YES;
				GCC_WARN_UNINITIALIZED_AUTOS = YES_AGGRESSIVE;
				GCC_WARN_UNUSED_FUNCTION = YES;
				GCC_WARN_UNUSED_VARIABLE = YES;
				IPHONEOS_DEPLOYMENT_TARGET = 8.0;
				MTL_ENABLE_DEBUG_INFO = YES;
				ONLY_ACTIVE_ARCH = YES;
				PROVISIONING_PROFILE = "f3bd9f9c-c781-4a84-a4b9-d221e4ac54ef";
				SDKROOT = iphoneos;
				SWIFT_OPTIMIZATION_LEVEL = "-Onone";
			};
			name = Debug;
		};
		6E11BB361A531AC4000C37D5 /* Release */ = {
			isa = XCBuildConfiguration;
			buildSettings = {
				ALWAYS_SEARCH_USER_PATHS = NO;
				CLANG_CXX_LANGUAGE_STANDARD = "gnu++0x";
				CLANG_CXX_LIBRARY = "libc++";
				CLANG_ENABLE_MODULES = YES;
				CLANG_ENABLE_OBJC_ARC = YES;
				CLANG_WARN_BOOL_CONVERSION = YES;
				CLANG_WARN_CONSTANT_CONVERSION = YES;
				CLANG_WARN_DIRECT_OBJC_ISA_USAGE = YES_ERROR;
				CLANG_WARN_EMPTY_BODY = YES;
				CLANG_WARN_ENUM_CONVERSION = YES;
				CLANG_WARN_INFINITE_RECURSION = YES;
				CLANG_WARN_INT_CONVERSION = YES;
				CLANG_WARN_OBJC_ROOT_CLASS = YES_ERROR;
				CLANG_WARN_SUSPICIOUS_MOVE = YES;
				CLANG_WARN_UNREACHABLE_CODE = YES;
				CLANG_WARN__DUPLICATE_METHOD_MATCH = YES;
				"CODE_SIGN_IDENTITY[sdk=iphoneos*]" = "iPhone Distribution: Hiroki Nagasawa (XP5N783SQH)";
				COPY_PHASE_STRIP = NO;
				ENABLE_NS_ASSERTIONS = NO;
				ENABLE_STRICT_OBJC_MSGSEND = YES;
				GCC_C_LANGUAGE_STANDARD = gnu99;
				GCC_NO_COMMON_BLOCKS = YES;
				GCC_WARN_64_TO_32_BIT_CONVERSION = YES;
				GCC_WARN_ABOUT_RETURN_TYPE = YES_ERROR;
				GCC_WARN_UNDECLARED_SELECTOR = YES;
				GCC_WARN_UNINITIALIZED_AUTOS = YES_AGGRESSIVE;
				GCC_WARN_UNUSED_FUNCTION = YES;
				GCC_WARN_UNUSED_VARIABLE = YES;
				IPHONEOS_DEPLOYMENT_TARGET = 8.0;
				MTL_ENABLE_DEBUG_INFO = NO;
				PROVISIONING_PROFILE = "f3bd9f9c-c781-4a84-a4b9-d221e4ac54ef";
				SDKROOT = iphoneos;
				SWIFT_OPTIMIZATION_LEVEL = "-Owholemodule";
				VALIDATE_PRODUCT = YES;
			};
			name = Release;
		};
		6E11BB381A531AC4000C37D5 /* Debug */ = {
			isa = XCBuildConfiguration;
			buildSettings = {
				ALWAYS_EMBED_SWIFT_STANDARD_LIBRARIES = YES;
				ASSETCATALOG_COMPILER_APPICON_NAME = AppIcon;
				CLANG_ENABLE_MODULES = YES;
				CODE_SIGN_IDENTITY = "iPhone Developer";
				"CODE_SIGN_IDENTITY[sdk=iphoneos*]" = "iPhone Developer";
				DEVELOPMENT_TEAM = "";
				INFOPLIST_FILE = "$(SRCROOT)/PathMenu-Sample/Supporting Files/Info.plist";
				LD_RUNPATH_SEARCH_PATHS = "$(inherited) @executable_path/Frameworks";
				PRODUCT_BUNDLE_IDENTIFIER = "pixyzehn.$(PRODUCT_NAME:rfc1034identifier)";
				PRODUCT_NAME = "$(TARGET_NAME)";
				PROVISIONING_PROFILE = "";
				SWIFT_OBJC_BRIDGING_HEADER = "";
				SWIFT_OPTIMIZATION_LEVEL = "-Onone";
				SWIFT_VERSION = 3.0;
			};
			name = Debug;
		};
		6E11BB391A531AC4000C37D5 /* Release */ = {
			isa = XCBuildConfiguration;
			buildSettings = {
				ALWAYS_EMBED_SWIFT_STANDARD_LIBRARIES = YES;
				ASSETCATALOG_COMPILER_APPICON_NAME = AppIcon;
				CLANG_ENABLE_MODULES = YES;
				CODE_SIGN_IDENTITY = "iPhone Developer";
				"CODE_SIGN_IDENTITY[sdk=iphoneos*]" = "iPhone Developer";
				DEVELOPMENT_TEAM = "";
				INFOPLIST_FILE = "$(SRCROOT)/PathMenu-Sample/Supporting Files/Info.plist";
				LD_RUNPATH_SEARCH_PATHS = "$(inherited) @executable_path/Frameworks";
				PRODUCT_BUNDLE_IDENTIFIER = "pixyzehn.$(PRODUCT_NAME:rfc1034identifier)";
				PRODUCT_NAME = "$(TARGET_NAME)";
				PROVISIONING_PROFILE = "";
				SWIFT_OBJC_BRIDGING_HEADER = "";
				SWIFT_VERSION = 3.0;
			};
			name = Release;
		};
		6E11BB3B1A531AC4000C37D5 /* Debug */ = {
			isa = XCBuildConfiguration;
			buildSettings = {
				ALWAYS_EMBED_SWIFT_STANDARD_LIBRARIES = YES;
				BUNDLE_LOADER = "$(TEST_HOST)";
				CLANG_ENABLE_MODULES = YES;
				"CODE_SIGN_IDENTITY[sdk=iphoneos*]" = "iPhone Developer: Nagasawa Hiroki (JT79P88VSQ)";
				FRAMEWORK_SEARCH_PATHS = "$(inherited)";
				GCC_PREPROCESSOR_DEFINITIONS = (
					"DEBUG=1",
					"$(inherited)",
				);
				INFOPLIST_FILE = "PathMenu-SampleTests/Supporting Files/Info.plist";
				LD_RUNPATH_SEARCH_PATHS = "$(inherited) @executable_path/Frameworks @loader_path/Frameworks";
				PRODUCT_BUNDLE_IDENTIFIER = "pixyzehn.$(PRODUCT_NAME:rfc1034identifier)";
				PRODUCT_NAME = "$(TARGET_NAME)";
				PROVISIONING_PROFILE = "f3bd9f9c-c781-4a84-a4b9-d221e4ac54ef";
				SWIFT_OPTIMIZATION_LEVEL = "-Onone";
				SWIFT_VERSION = 3.0;
				TEST_HOST = "$(BUILT_PRODUCTS_DIR)/PathMenu-Sample.app/PathMenu-Sample";
			};
			name = Debug;
		};
		6E11BB3C1A531AC4000C37D5 /* Release */ = {
			isa = XCBuildConfiguration;
			buildSettings = {
				ALWAYS_EMBED_SWIFT_STANDARD_LIBRARIES = YES;
				BUNDLE_LOADER = "$(TEST_HOST)";
				CLANG_ENABLE_MODULES = YES;
				"CODE_SIGN_IDENTITY[sdk=iphoneos*]" = "iPhone Developer: Nagasawa Hiroki (JT79P88VSQ)";
				FRAMEWORK_SEARCH_PATHS = "$(inherited)";
				INFOPLIST_FILE = "PathMenu-SampleTests/Supporting Files/Info.plist";
				LD_RUNPATH_SEARCH_PATHS = "$(inherited) @executable_path/Frameworks @loader_path/Frameworks";
				PRODUCT_BUNDLE_IDENTIFIER = "pixyzehn.$(PRODUCT_NAME:rfc1034identifier)";
				PRODUCT_NAME = "$(TARGET_NAME)";
				PROVISIONING_PROFILE = "f3bd9f9c-c781-4a84-a4b9-d221e4ac54ef";
				SWIFT_VERSION = 3.0;
				TEST_HOST = "$(BUILT_PRODUCTS_DIR)/PathMenu-Sample.app/PathMenu-Sample";
			};
			name = Release;
		};
		BFB6776C1AE6B8D3007DC28B /* Debug */ = {
			isa = XCBuildConfiguration;
			buildSettings = {
				CLANG_ENABLE_MODULES = YES;
				"CODE_SIGN_IDENTITY[sdk=iphoneos*]" = "";
				COPY_PHASE_STRIP = NO;
				CURRENT_PROJECT_VERSION = 1;
				DEBUG_INFORMATION_FORMAT = "dwarf-with-dsym";
				DEFINES_MODULE = YES;
				DYLIB_COMPATIBILITY_VERSION = 1;
				DYLIB_CURRENT_VERSION = 1;
				DYLIB_INSTALL_NAME_BASE = "@rpath";
				GCC_NO_COMMON_BLOCKS = YES;
				GCC_PREPROCESSOR_DEFINITIONS = (
					"DEBUG=1",
					"$(inherited)",
				);
				INFOPLIST_FILE = "$(SRCROOT)/PathMenu/Supporting Files/Info.plist";
				INSTALL_PATH = "$(LOCAL_LIBRARY_DIR)/Frameworks";
				IPHONEOS_DEPLOYMENT_TARGET = 8.0;
				LD_RUNPATH_SEARCH_PATHS = "$(inherited) @executable_path/Frameworks @loader_path/Frameworks";
				PRODUCT_BUNDLE_IDENTIFIER = "com.pixyzehn.$(PRODUCT_NAME:rfc1034identifier)";
				PRODUCT_NAME = "$(TARGET_NAME)";
				PROVISIONING_PROFILE = "f3bd9f9c-c781-4a84-a4b9-d221e4ac54ef";
				SKIP_INSTALL = YES;
				SWIFT_OPTIMIZATION_LEVEL = "-Onone";
				SWIFT_VERSION = 3.0;
				TARGETED_DEVICE_FAMILY = "1,2";
				VERSIONING_SYSTEM = "apple-generic";
				VERSION_INFO_PREFIX = "";
			};
			name = Debug;
		};
		BFB6776D1AE6B8D3007DC28B /* Release */ = {
			isa = XCBuildConfiguration;
			buildSettings = {
				CLANG_ENABLE_MODULES = YES;
				"CODE_SIGN_IDENTITY[sdk=iphoneos*]" = "";
				COPY_PHASE_STRIP = NO;
				CURRENT_PROJECT_VERSION = 1;
				DEBUG_INFORMATION_FORMAT = "dwarf-with-dsym";
				DEFINES_MODULE = YES;
				DYLIB_COMPATIBILITY_VERSION = 1;
				DYLIB_CURRENT_VERSION = 1;
				DYLIB_INSTALL_NAME_BASE = "@rpath";
				GCC_NO_COMMON_BLOCKS = YES;
				INFOPLIST_FILE = "$(SRCROOT)/PathMenu/Supporting Files/Info.plist";
				INSTALL_PATH = "$(LOCAL_LIBRARY_DIR)/Frameworks";
				IPHONEOS_DEPLOYMENT_TARGET = 8.0;
				LD_RUNPATH_SEARCH_PATHS = "$(inherited) @executable_path/Frameworks @loader_path/Frameworks";
				PRODUCT_BUNDLE_IDENTIFIER = "com.pixyzehn.$(PRODUCT_NAME:rfc1034identifier)";
				PRODUCT_NAME = "$(TARGET_NAME)";
				PROVISIONING_PROFILE = "f3bd9f9c-c781-4a84-a4b9-d221e4ac54ef";
				SKIP_INSTALL = YES;
				SWIFT_VERSION = 3.0;
				TARGETED_DEVICE_FAMILY = "1,2";
				VERSIONING_SYSTEM = "apple-generic";
				VERSION_INFO_PREFIX = "";
			};
			name = Release;
		};
		BFB6776E1AE6B8D3007DC28B /* Debug */ = {
			isa = XCBuildConfiguration;
			buildSettings = {
				ALWAYS_EMBED_SWIFT_STANDARD_LIBRARIES = YES;
				BUNDLE_LOADER = "$(TEST_HOST)";
				"CODE_SIGN_IDENTITY[sdk=iphoneos*]" = "iPhone Developer: Nagasawa Hiroki (JT79P88VSQ)";
				COPY_PHASE_STRIP = NO;
				DEBUG_INFORMATION_FORMAT = "dwarf-with-dsym";
				FRAMEWORK_SEARCH_PATHS = "$(inherited)";
				GCC_NO_COMMON_BLOCKS = YES;
				GCC_PREPROCESSOR_DEFINITIONS = (
					"DEBUG=1",
					"$(inherited)",
				);
				INFOPLIST_FILE = "PathMenuTests/Supporting Files/Info.plist";
				IPHONEOS_DEPLOYMENT_TARGET = 8.3;
				LD_RUNPATH_SEARCH_PATHS = "$(inherited) @executable_path/Frameworks @loader_path/Frameworks";
				PRODUCT_BUNDLE_IDENTIFIER = "com.pixyzehn.$(PRODUCT_NAME:rfc1034identifier)";
				PRODUCT_NAME = "$(TARGET_NAME)";
				PROVISIONING_PROFILE = "f3bd9f9c-c781-4a84-a4b9-d221e4ac54ef";
				TEST_HOST = "$(BUILT_PRODUCTS_DIR)/PathMenu.app/PathMenu-Sample";
			};
			name = Debug;
		};
		BFB6776F1AE6B8D3007DC28B /* Release */ = {
			isa = XCBuildConfiguration;
			buildSettings = {
				ALWAYS_EMBED_SWIFT_STANDARD_LIBRARIES = YES;
				BUNDLE_LOADER = "$(TEST_HOST)";
				"CODE_SIGN_IDENTITY[sdk=iphoneos*]" = "iPhone Developer: Nagasawa Hiroki (JT79P88VSQ)";
				COPY_PHASE_STRIP = NO;
				DEBUG_INFORMATION_FORMAT = "dwarf-with-dsym";
				FRAMEWORK_SEARCH_PATHS = "$(inherited)";
				GCC_NO_COMMON_BLOCKS = YES;
				INFOPLIST_FILE = "PathMenuTests/Supporting Files/Info.plist";
				IPHONEOS_DEPLOYMENT_TARGET = 8.3;
				LD_RUNPATH_SEARCH_PATHS = "$(inherited) @executable_path/Frameworks @loader_path/Frameworks";
				PRODUCT_BUNDLE_IDENTIFIER = "com.pixyzehn.$(PRODUCT_NAME:rfc1034identifier)";
				PRODUCT_NAME = "$(TARGET_NAME)";
				PROVISIONING_PROFILE = "f3bd9f9c-c781-4a84-a4b9-d221e4ac54ef";
				TEST_HOST = "$(BUILT_PRODUCTS_DIR)/PathMenu.app/PathMenu-Sample";
			};
			name = Release;
		};
/* End XCBuildConfiguration section */

/* Begin XCConfigurationList section */
		6E11BB131A531AC3000C37D5 /* Build configuration list for PBXProject "PathMenu" */ = {
			isa = XCConfigurationList;
			buildConfigurations = (
				6E11BB351A531AC4000C37D5 /* Debug */,
				6E11BB361A531AC4000C37D5 /* Release */,
			);
			defaultConfigurationIsVisible = 0;
			defaultConfigurationName = Release;
		};
		6E11BB371A531AC4000C37D5 /* Build configuration list for PBXNativeTarget "PathMenu-Sample" */ = {
			isa = XCConfigurationList;
			buildConfigurations = (
				6E11BB381A531AC4000C37D5 /* Debug */,
				6E11BB391A531AC4000C37D5 /* Release */,
			);
			defaultConfigurationIsVisible = 0;
			defaultConfigurationName = Release;
		};
		6E11BB3A1A531AC4000C37D5 /* Build configuration list for PBXNativeTarget "PathMenu-SampleTests" */ = {
			isa = XCConfigurationList;
			buildConfigurations = (
				6E11BB3B1A531AC4000C37D5 /* Debug */,
				6E11BB3C1A531AC4000C37D5 /* Release */,
			);
			defaultConfigurationIsVisible = 0;
			defaultConfigurationName = Release;
		};
		BFB677701AE6B8D3007DC28B /* Build configuration list for PBXNativeTarget "PathMenu" */ = {
			isa = XCConfigurationList;
			buildConfigurations = (
				BFB6776C1AE6B8D3007DC28B /* Debug */,
				BFB6776D1AE6B8D3007DC28B /* Release */,
			);
			defaultConfigurationIsVisible = 0;
			defaultConfigurationName = Release;
		};
		BFB677721AE6B8D3007DC28B /* Build configuration list for PBXNativeTarget "PathMenuTests" */ = {
			isa = XCConfigurationList;
			buildConfigurations = (
				BFB6776E1AE6B8D3007DC28B /* Debug */,
				BFB6776F1AE6B8D3007DC28B /* Release */,
			);
			defaultConfigurationIsVisible = 0;
			defaultConfigurationName = Release;
		};
/* End XCConfigurationList section */
	};
	rootObject = 6E11BB101A531AC3000C37D5 /* Project object */;
}
